
Microsoft Visual Studio Solution File, Format Version 12.00
# Visual Studio 15
VisualStudioVersion = 15.0.26430.13
MinimumVisualStudioVersion = 10.0.40219.1
Project("{2150E333-8FDC-42A3-9474-1A3956D46DE8}") = "Chapter 03", "Chapter 03", "{45E0EF9F-0DDC-4FDD-904F-53BCE1288C55}"
EndProject
Project("{FAE04EC0-301F-11D3-BF4B-00C04F79EFBC}") = "CHP03PE24", "CHP03PE24\CHP03PE24.csproj", "{60ACD42B-4AE5-45C1-928C-1744E2541743}"
EndProject
Project("{FAE04EC0-301F-11D3-BF4B-00C04F79EFBC}") = "CHP03PE25", "CHP03PE25\CHP03PE25.csproj", "{715064D7-6A76-41A3-A9DA-DCE8A44D453D}"
EndProject
Project("{FAE04EC0-301F-11D3-BF4B-00C04F79EFBC}") = "CHP03PE26", "CHP03PE26\CHP03PE26.csproj", "{26992697-41F5-4F73-B7F8-FBB3121105D3}"
EndProject
Project("{FAE04EC0-301F-11D3-BF4B-00C04F79EFBC}") = "CHP03PE27", "CHP03PE27\CHP03PE27.csproj", "{C00CE610-E353-4846-9506-05AC8C103095}"
EndProject
Project("{FAE04EC0-301F-11D3-BF4B-00C04F79EFBC}") = "CHP03PE28", "CHP03PE28\CHP03PE28.csproj", "{9AA067B4-EA32-44C6-95CE-ED9C2FC45390}"
EndProject
Project("{FAE04EC0-301F-11D3-BF4B-00C04F79EFBC}") = "CHP03PE29", "CHP03PE29\CHP03PE29.csproj", "{7057ED0E-8E93-427B-B47E-384A08BDA5EC}"
EndProject
Project("{FAE04EC0-301F-11D3-BF4B-00C04F79EFBC}") = "CHP03PE30", "CHP03PE30\CHP03PE30.csproj", "{20F3F941-D339-4F14-ABA9-144A9F9C3A4A}"
EndProject
Project("{FAE04EC0-301F-11D3-BF4B-00C04F79EFBC}") = "CHP03PE32", "CHP03PE32\CHP03PE32.csproj", "{F63197BB-4773-4477-BC77-E7A74C3DCAF6}"
EndProject
Project("{2150E333-8FDC-42A3-9474-1A3956D46DE8}") = "Chapter 04", "Chapter 04", "{8FA2F7FC-F41A-4B95-B512-9CB6E5F6F5E0}"
EndProject
Project("{FAE04EC0-301F-11D3-BF4B-00C04F79EFBC}") = "CHP04PE10", "CHP04PE10\CHP04PE10.csproj", "{5CF46BEC-5E94-4294-95AA-23BBAC747A3D}"
EndProject
Project("{FAE04EC0-301F-11D3-BF4B-00C04F79EFBC}") = "CHP04PE11", "CHP04PE11\CHP04PE11.csproj", "{1FEAE06B-D9D5-44F3-BF0E-5777B6BBA76C}"
EndProject
Project("{FAE04EC0-301F-11D3-BF4B-00C04F79EFBC}") = "CHP04PE12", "CHP04PE12\CHP04PE12.csproj", "{C29A0EA9-49E4-459E-8525-3E8A0E9B75DD}"
EndProject
Project("{FAE04EC0-301F-11D3-BF4B-00C04F79EFBC}") = "CHP04PE13", "CHP04PE13\CHP04PE13.csproj", "{7888E261-BA79-4C07-B08A-D2F7FC65F29C}"
EndProject
Project("{FAE04EC0-301F-11D3-BF4B-00C04F79EFBC}") = "CHP04PE14", "CHP04PE14\CHP04PE14.csproj", "{B7BE109A-40CB-485E-B9FD-C2739F882105}"
EndProject
Project("{FAE04EC0-301F-11D3-BF4B-00C04F79EFBC}") = "CHP04PE15", "CHP04PE15\CHP04PE15.csproj", "{0461DE6E-B331-409F-A4C5-0DCF17E7048A}"
EndProject
Project("{FAE04EC0-301F-11D3-BF4B-00C04F79EFBC}") = "CHP04PE16", "CHP04PE16\CHP04PE16.csproj", "{4DC958A3-2D37-4D7D-8861-B5612E4DD689}"
EndProject
Project("{2150E333-8FDC-42A3-9474-1A3956D46DE8}") = "Chapter 05", "Chapter 05", "{C6DC0E70-5F8B-4AF9-AE41-3AE0ABF3CD98}"
EndProject
Project("{FAE04EC0-301F-11D3-BF4B-00C04F79EFBC}") = "CHP03PE31", "CHP03PE31\CHP03PE31.csproj", "{D3A37560-BAAB-4053-BFB5-EFD22D4105FF}"
EndProject
Project("{FAE04EC0-301F-11D3-BF4B-00C04F79EFBC}") = "CHP05PE17", "CHP05PE17\CHP05PE17.csproj", "{CF915D89-DB9C-4683-8924-BE7D41376FAA}"
EndProject
Project("{FAE04EC0-301F-11D3-BF4B-00C04F79EFBC}") = "CHP05PE18", "CHP05PE18\CHP05PE18.csproj", "{CFA78E4D-7F9B-41D9-B712-78E133D35F83}"
EndProject
Project("{FAE04EC0-301F-11D3-BF4B-00C04F79EFBC}") = "CHP05PE19", "CHP05PE19\CHP05PE19.csproj", "{55D82E01-A33E-434B-BCB1-08ABEDE2AB94}"
EndProject
Project("{FAE04EC0-301F-11D3-BF4B-00C04F79EFBC}") = "CHP05PE20", "CHP05PE20\CHP05PE20.csproj", "{81BE875E-0CF9-4F2D-A189-406245874405}"
EndProject
Project("{FAE04EC0-301F-11D3-BF4B-00C04F79EFBC}") = "CHP05PE21", "CHP05PE21\CHP05PE21.csproj", "{0F5300EC-A5A7-461A-9085-2B8E461D0064}"
EndProject
Project("{FAE04EC0-301F-11D3-BF4B-00C04F79EFBC}") = "CHP05PE22", "CHP05PE22\CHP05PE22.csproj", "{38D5C2E6-B2B1-4A7A-8D1F-94888D4D3CE1}"
EndProject
Project("{FAE04EC0-301F-11D3-BF4B-00C04F79EFBC}") = "CHP05PE23", "CHP05PE23\CHP05PE23.csproj", "{3F7CBA55-2823-4C1C-A4C8-CB7C1482A58B}"
EndProject
Project("{FAE04EC0-301F-11D3-BF4B-00C04F79EFBC}") = "CHP05PE24", "CHP05PE24\CHP05PE24.csproj", "{45BC82F1-CFA7-402E-A5E0-18F58152D8A8}"
EndProject
Project("{FAE04EC0-301F-11D3-BF4B-00C04F79EFBC}") = "CHP05PE25", "CHP05PE25\CHP05PE25.csproj", "{E0222F5E-BBF4-4759-9285-C44E6FFDD878}"
EndProject
Project("{FAE04EC0-301F-11D3-BF4B-00C04F79EFBC}") = "CHP05PE26", "CHP05PE26\CHP05PE26.csproj", "{D93C727C-451C-40C7-8AE5-306E5060F10D}"
EndProject
Project("{FAE04EC0-301F-11D3-BF4B-00C04F79EFBC}") = "CHP05PE28", "CHP05PE28\CHP05PE28.csproj", "{C0CFB691-19BF-4137-9A82-B14236193128}"
EndProject
Project("{FAE04EC0-301F-11D3-BF4B-00C04F79EFBC}") = "CHP05PE27", "CHP05PE27\CHP05PE27.csproj", "{E825A7C3-4FA9-4B7D-B8AA-2F383AD23F34}"
EndProject
Project("{FAE04EC0-301F-11D3-BF4B-00C04F79EFBC}") = "CHP05PE29", "CHP05PE29\CHP05PE29.csproj", "{58A46A8A-8240-4BA6-A991-CABE34E96AE7}"
EndProject
Project("{FAE04EC0-301F-11D3-BF4B-00C04F79EFBC}") = "CHP05PE30", "CHP05PE30\CHP05PE30.csproj", "{1361EE25-826D-433E-A2F0-70E6A48AF720}"
EndProject
Project("{FAE04EC0-301F-11D3-BF4B-00C04F79EFBC}") = "CHP05PE31", "CHP05PE31\CHP05PE31.csproj", "{4FCBFE8E-2374-463E-80B5-59AC3591FE28}"
EndProject
Project("{FAE04EC0-301F-11D3-BF4B-00C04F79EFBC}") = "CHP05PE32", "CHP05PE32\CHP05PE32.csproj", "{3ED20A42-EC36-4820-954A-F7655E9DADB9}"
EndProject
Project("{FAE04EC0-301F-11D3-BF4B-00C04F79EFBC}") = "CHP05PE33", "CHP05PE33\CHP05PE33.csproj", "{AE99E211-5CD5-4D81-95E2-03B30AE042CE}"
EndProject
Project("{FAE04EC0-301F-11D3-BF4B-00C04F79EFBC}") = "CHP05PE34", "CHP05PE34\CHP05PE34.csproj", "{D12F7A48-0C72-433A-9D5A-C3FC92214330}"
EndProject
Project("{FAE04EC0-301F-11D3-BF4B-00C04F79EFBC}") = "CHP05PE35", "CHP05PE35\CHP05PE35.csproj", "{9B8F7939-4DD0-410D-A93A-CBA54DE15079}"
EndProject
Project("{FAE04EC0-301F-11D3-BF4B-00C04F79EFBC}") = "CHP05PE36", "CHP05PE36\CHP05PE36.csproj", "{426F1A8C-3FD6-4478-B452-768960B8505F}"
EndProject
Project("{FAE04EC0-301F-11D3-BF4B-00C04F79EFBC}") = "CHP05PE37", "CHP05PE37\CHP05PE37.csproj", "{BB260255-B8BE-417C-99BB-9E06CB398681}"
EndProject
Project("{FAE04EC0-301F-11D3-BF4B-00C04F79EFBC}") = "CHP05PE38", "CHP05PE38\CHP05PE38.csproj", "{A01B882A-0012-4282-A92B-46959E704895}"
EndProject
Project("{FAE04EC0-301F-11D3-BF4B-00C04F79EFBC}") = "CHP05PE39", "CHP05PE39\CHP05PE39.csproj", "{0255B40A-F8A0-46BC-8CAE-15A12CE8E845}"
EndProject
Project("{FAE04EC0-301F-11D3-BF4B-00C04F79EFBC}") = "CHP05PE40", "CHP05PE40\CHP05PE40.csproj", "{EAEE5E4B-B11E-4E47-B088-6E9A1CA9215F}"
EndProject
Project("{FAE04EC0-301F-11D3-BF4B-00C04F79EFBC}") = "CHP05PE41", "CHP05PE41\CHP05PE41.csproj", "{ADEC34F0-9286-48BC-B51C-B2E0A44EEB19}"
EndProject
Project("{2150E333-8FDC-42A3-9474-1A3956D46DE8}") = "Chapter 06", "Chapter 06", "{3EA70C51-667D-4FA4-A4D6-55C437E4B04A}"
EndProject
Project("{FAE04EC0-301F-11D3-BF4B-00C04F79EFBC}") = "CHP06PE11", "CHP06PE11\CHP06PE11.csproj", "{3FF24FBE-1ADA-428A-9CF7-285C0A556B5D}"
EndProject
Project("{FAE04EC0-301F-11D3-BF4B-00C04F79EFBC}") = "CHP06PE12", "CHP06PE12\CHP06PE12.csproj", "{B83A3D7F-BD6D-4ECE-8114-6BDFED6705D5}"
EndProject
Project("{FAE04EC0-301F-11D3-BF4B-00C04F79EFBC}") = "CHP06PE13", "CHP06PE13\CHP06PE13.csproj", "{F266F5AC-6F85-4888-B4CA-26EBF7868CA2}"
EndProject
Project("{FAE04EC0-301F-11D3-BF4B-00C04F79EFBC}") = "CHP06PE14", "CHP06PE14\CHP06PE14.csproj", "{694E1A09-3A5F-4871-B347-6598CA4A60EA}"
EndProject
Project("{FAE04EC0-301F-11D3-BF4B-00C04F79EFBC}") = "CHP06PE15", "CHP06PE15\CHP06PE15.csproj", "{2DA2C4B8-8ECF-40BB-8C22-39CBBB5E2E08}"
EndProject
Project("{FAE04EC0-301F-11D3-BF4B-00C04F79EFBC}") = "CHP06PE16", "CHP06PE16\CHP06PE16.csproj", "{1C71BE9F-C494-4B71-A3B7-297A6B2CEDBD}"
EndProject
Project("{FAE04EC0-301F-11D3-BF4B-00C04F79EFBC}") = "CHP06PE17", "CHP06PE17\CHP06PE17.csproj", "{94D573AF-AAFD-4306-A5FB-F92875E1B64A}"
EndProject
Project("{FAE04EC0-301F-11D3-BF4B-00C04F79EFBC}") = "CHP06PE18", "CHP06PE18\CHP06PE18.csproj", "{B8C661A4-20FE-4E8F-9EAF-952CFDDEE6BD}"
EndProject
Project("{FAE04EC0-301F-11D3-BF4B-00C04F79EFBC}") = "CHP06PE19", "CHP06PE19\CHP06PE19.csproj", "{11BF9569-C417-47B9-8746-86776D95D164}"
EndProject
Project("{FAE04EC0-301F-11D3-BF4B-00C04F79EFBC}") = "CHP06PE20", "CHP06PE20\CHP06PE20.csproj", "{E2AB0355-4B94-4A1D-B592-592B402F9972}"
EndProject
Project("{FAE04EC0-301F-11D3-BF4B-00C04F79EFBC}") = "CHP06PE21", "CHP06PE21\CHP06PE21.csproj", "{F0BF69E0-31EA-4E80-B549-F74F65347543}"
EndProject
Project("{FAE04EC0-301F-11D3-BF4B-00C04F79EFBC}") = "CHP06PE22", "CHP06PE22\CHP06PE22.csproj", "{2E27D4FB-367A-475D-A516-1256D71B5471}"
EndProject
Project("{FAE04EC0-301F-11D3-BF4B-00C04F79EFBC}") = "CHP06PE23", "CHP06PE23\CHP06PE23.csproj", "{E141532A-B704-40D0-89DA-0EB3BB59E849}"
EndProject
Project("{FAE04EC0-301F-11D3-BF4B-00C04F79EFBC}") = "CHP06PE24", "CHP06PE24\CHP06PE24.csproj", "{ED00B4DB-B840-4D4C-8ECE-A5E42962431D}"
EndProject
Project("{FAE04EC0-301F-11D3-BF4B-00C04F79EFBC}") = "CHP06PE25", "CHP06PE25\CHP06PE25.csproj", "{D992B87C-3932-42C0-A0D5-02DC375E2C3E}"
EndProject
Project("{FAE04EC0-301F-11D3-BF4B-00C04F79EFBC}") = "CHP06PE26", "CHP06PE26\CHP06PE26.csproj", "{960960FE-1C4A-47DA-8F03-1170605A0C1A}"
EndProject
Project("{FAE04EC0-301F-11D3-BF4B-00C04F79EFBC}") = "CHP06PE27", "CHP06PE27\CHP06PE27.csproj", "{6DD8FAD6-E65C-429F-944E-9E530AF20F4E}"
EndProject
Project("{FAE04EC0-301F-11D3-BF4B-00C04F79EFBC}") = "CHP06PE28", "CHP06PE28\CHP06PE28.csproj", "{E7A85D9A-2372-4E27-94DA-13A897DAFE44}"
EndProject
Project("{2150E333-8FDC-42A3-9474-1A3956D46DE8}") = "Chapter 07", "Chapter 07", "{169F0B8C-6E31-4C9B-90BE-69AD523C92B4}"
EndProject
Project("{FAE04EC0-301F-11D3-BF4B-00C04F79EFBC}") = "CHP07PE08", "CHP07PE08\CHP07PE08.csproj", "{203D03D0-8C0E-4B80-A9CA-023C6DF1991B}"
EndProject
Project("{FAE04EC0-301F-11D3-BF4B-00C04F79EFBC}") = "CHP07PE09", "CHP07PE09\CHP07PE09.csproj", "{730EEBDC-974C-419B-BC03-04A30F5FA65C}"
EndProject
Project("{FAE04EC0-301F-11D3-BF4B-00C04F79EFBC}") = "CHP07PE10", "CHP07PE10\CHP07PE10.csproj", "{733536DC-4AB4-4A6C-97AC-008CE0AF8594}"
EndProject
Project("{FAE04EC0-301F-11D3-BF4B-00C04F79EFBC}") = "CHP07PE11", "CHP07PE11\CHP07PE11.csproj", "{8D62DCED-4939-4D8A-9CA7-9C81B4B5F872}"
EndProject
Project("{FAE04EC0-301F-11D3-BF4B-00C04F79EFBC}") = "CHP07PE12", "CHP07PE12\CHP07PE12.csproj", "{B8F03293-1386-494B-8E99-86823557B266}"
EndProject
Project("{FAE04EC0-301F-11D3-BF4B-00C04F79EFBC}") = "CHP07PE13", "CHP07PE13\CHP07PE13.csproj", "{44C96C90-A47E-41BA-B184-3198E69EF340}"
EndProject
Project("{FAE04EC0-301F-11D3-BF4B-00C04F79EFBC}") = "CHP07PE14", "CHP07PE14\CHP07PE14.csproj", "{C6DC2DB4-70E6-4DE5-82F0-8AE23A2C814E}"
EndProject
Project("{FAE04EC0-301F-11D3-BF4B-00C04F79EFBC}") = "CHP07PE15", "CHP07PE15\CHP07PE15.csproj", "{4CD8B47E-EFDA-4284-B159-CA72BC9985AC}"
EndProject
Project("{FAE04EC0-301F-11D3-BF4B-00C04F79EFBC}") = "CHP07PE16", "CHP07PE16\CHP07PE16.csproj", "{4E2EAC01-8ABD-4A3A-AADE-5F0E5D31DB95}"
EndProject
Project("{FAE04EC0-301F-11D3-BF4B-00C04F79EFBC}") = "CHP07PE17", "CHP07PE17\CHP07PE17.csproj", "{D98C2F7B-91C2-4FBD-8735-14F3DBDA9EB0}"
EndProject
Project("{FAE04EC0-301F-11D3-BF4B-00C04F79EFBC}") = "CHP07PE18", "CHP07PE18\CHP07PE18.csproj", "{7D33CE8E-819A-4F71-957E-38C6A489A245}"
EndProject
Project("{FAE04EC0-301F-11D3-BF4B-00C04F79EFBC}") = "CHP07PE19", "CHP07PE19\CHP07PE19.csproj", "{082F0997-E6F2-43F4-8E8C-7D973B226048}"
EndProject
Project("{FAE04EC0-301F-11D3-BF4B-00C04F79EFBC}") = "CHP07PE20", "CHP07PE20\CHP07PE20.csproj", "{56C6B4A1-679C-4E64-B90F-17884C587E8A}"
EndProject
Project("{FAE04EC0-301F-11D3-BF4B-00C04F79EFBC}") = "CHP07PE21", "CHP07PE21\CHP07PE21.csproj", "{DAECE5A9-0961-4110-9E5E-40B8E92C0D84}"
EndProject
Project("{FAE04EC0-301F-11D3-BF4B-00C04F79EFBC}") = "CHP07PE22", "CHP07PE22\CHP07PE22.csproj", "{168F5E28-7CB1-4E02-8B67-FD9FABDF53EF}"
EndProject
Project("{FAE04EC0-301F-11D3-BF4B-00C04F79EFBC}") = "CHP07PE23", "CHP07PE23\CHP07PE23.csproj", "{E3522CE7-C90C-445D-87A9-364F975BC6C9}"
EndProject
Project("{FAE04EC0-301F-11D3-BF4B-00C04F79EFBC}") = "CHP07PE24", "CHP07PE24\CHP07PE24.csproj", "{602FA10B-32C3-43E0-A843-C3B0F3022AA3}"
EndProject
Project("{FAE04EC0-301F-11D3-BF4B-00C04F79EFBC}") = "CHP07PE25", "CHP07PE25\CHP07PE25.csproj", "{BC7CF50F-E402-4C32-AC2A-4C247585BAFF}"
EndProject
Project("{FAE04EC0-301F-11D3-BF4B-00C04F79EFBC}") = "CHP07PE26", "CHP07PE26\CHP07PE26.csproj", "{533498B8-4CDB-43AC-A573-6BABD30A9BEB}"
EndProject
Project("{FAE04EC0-301F-11D3-BF4B-00C04F79EFBC}") = "CHP07PE27", "CHP07PE27\CHP07PE27.csproj", "{775FCF40-9A90-422C-B696-5452C7AB8CF1}"
EndProject
Project("{FAE04EC0-301F-11D3-BF4B-00C04F79EFBC}") = "CHP07PE28", "CHP07PE28\CHP07PE28.csproj", "{14EF4662-4FF7-4137-9748-4B7E3C9A787D}"
EndProject
Project("{FAE04EC0-301F-11D3-BF4B-00C04F79EFBC}") = "CHP07PE29", "CHP07PE29\CHP07PE29.csproj", "{72EFE9B9-3AB4-4358-95DF-D1B59879FA15}"
EndProject
Project("{FAE04EC0-301F-11D3-BF4B-00C04F79EFBC}") = "CHP07PE30", "CHP07PE30\CHP07PE30.csproj", "{33715F71-F742-4B8C-A936-D673FB42BE42}"
EndProject
Project("{FAE04EC0-301F-11D3-BF4B-00C04F79EFBC}") = "CHP07PE31", "CHP07PE31\CHP07PE31.csproj", "{0489F322-DAC8-4931-876F-9F394802CB1E}"
EndProject
Project("{FAE04EC0-301F-11D3-BF4B-00C04F79EFBC}") = "CHP07PE32", "CHP07PE32\CHP07PE32.csproj", "{A5E09415-9607-4096-8747-C403D28A35EB}"
EndProject
Project("{FAE04EC0-301F-11D3-BF4B-00C04F79EFBC}") = "CHP07PE33", "CHP07PE33\CHP07PE33.csproj", "{8794AF88-2782-4FA9-90F2-EC65119E3B1E}"
EndProject
Project("{FAE04EC0-301F-11D3-BF4B-00C04F79EFBC}") = "CHP07PE34", "CHP07PE34\CHP07PE34.csproj", "{E89FBBC7-AD4A-46B3-B553-A39F371C4C91}"
EndProject
Project("{FAE04EC0-301F-11D3-BF4B-00C04F79EFBC}") = "CHP07PE35", "CHP07PE35\CHP07PE35.csproj", "{39723096-9080-416D-AC63-9AE5B95B98EB}"
EndProject
Project("{FAE04EC0-301F-11D3-BF4B-00C04F79EFBC}") = "CHP07PE36", "CHP07PE36\CHP07PE36.csproj", "{3FCB135C-0F2D-47FB-B4E7-5331906F1278}"
EndProject
Project("{FAE04EC0-301F-11D3-BF4B-00C04F79EFBC}") = "CHP07PE37", "CHP07PE37\CHP07PE37.csproj", "{FB3C5DDE-A177-4A9E-89F4-1A696515EF1E}"
EndProject
Project("{FAE04EC0-301F-11D3-BF4B-00C04F79EFBC}") = "CHP07PE38", "CHP07PE38\CHP07PE38.csproj", "{387F3D73-7AFA-4714-A575-D6BBA9EB1A3F}"
EndProject
Project("{FAE04EC0-301F-11D3-BF4B-00C04F79EFBC}") = "CHP07PE39", "CHP07PE39\CHP07PE39.csproj", "{647D622D-196D-442C-9E62-214B2677730F}"
EndProject
Project("{FAE04EC0-301F-11D3-BF4B-00C04F79EFBC}") = "CHP07PE40", "CHP07PE40\CHP07PE40.csproj", "{67ACECF0-E40A-4196-B3F9-05EBCD118187}"
EndProject
Global
	GlobalSection(SolutionConfigurationPlatforms) = preSolution
		Debug|Any CPU = Debug|Any CPU
		Release|Any CPU = Release|Any CPU
	EndGlobalSection
	GlobalSection(ProjectConfigurationPlatforms) = postSolution
		{60ACD42B-4AE5-45C1-928C-1744E2541743}.Debug|Any CPU.ActiveCfg = Debug|Any CPU
		{60ACD42B-4AE5-45C1-928C-1744E2541743}.Debug|Any CPU.Build.0 = Debug|Any CPU
		{60ACD42B-4AE5-45C1-928C-1744E2541743}.Release|Any CPU.ActiveCfg = Release|Any CPU
		{60ACD42B-4AE5-45C1-928C-1744E2541743}.Release|Any CPU.Build.0 = Release|Any CPU
		{715064D7-6A76-41A3-A9DA-DCE8A44D453D}.Debug|Any CPU.ActiveCfg = Debug|Any CPU
		{715064D7-6A76-41A3-A9DA-DCE8A44D453D}.Debug|Any CPU.Build.0 = Debug|Any CPU
		{715064D7-6A76-41A3-A9DA-DCE8A44D453D}.Release|Any CPU.ActiveCfg = Release|Any CPU
		{715064D7-6A76-41A3-A9DA-DCE8A44D453D}.Release|Any CPU.Build.0 = Release|Any CPU
		{26992697-41F5-4F73-B7F8-FBB3121105D3}.Debug|Any CPU.ActiveCfg = Debug|Any CPU
		{26992697-41F5-4F73-B7F8-FBB3121105D3}.Debug|Any CPU.Build.0 = Debug|Any CPU
		{26992697-41F5-4F73-B7F8-FBB3121105D3}.Release|Any CPU.ActiveCfg = Release|Any CPU
		{26992697-41F5-4F73-B7F8-FBB3121105D3}.Release|Any CPU.Build.0 = Release|Any CPU
		{C00CE610-E353-4846-9506-05AC8C103095}.Debug|Any CPU.ActiveCfg = Debug|Any CPU
		{C00CE610-E353-4846-9506-05AC8C103095}.Debug|Any CPU.Build.0 = Debug|Any CPU
		{C00CE610-E353-4846-9506-05AC8C103095}.Release|Any CPU.ActiveCfg = Release|Any CPU
		{C00CE610-E353-4846-9506-05AC8C103095}.Release|Any CPU.Build.0 = Release|Any CPU
		{9AA067B4-EA32-44C6-95CE-ED9C2FC45390}.Debug|Any CPU.ActiveCfg = Debug|Any CPU
		{9AA067B4-EA32-44C6-95CE-ED9C2FC45390}.Debug|Any CPU.Build.0 = Debug|Any CPU
		{9AA067B4-EA32-44C6-95CE-ED9C2FC45390}.Release|Any CPU.ActiveCfg = Release|Any CPU
		{9AA067B4-EA32-44C6-95CE-ED9C2FC45390}.Release|Any CPU.Build.0 = Release|Any CPU
		{7057ED0E-8E93-427B-B47E-384A08BDA5EC}.Debug|Any CPU.ActiveCfg = Debug|Any CPU
		{7057ED0E-8E93-427B-B47E-384A08BDA5EC}.Debug|Any CPU.Build.0 = Debug|Any CPU
		{7057ED0E-8E93-427B-B47E-384A08BDA5EC}.Release|Any CPU.ActiveCfg = Release|Any CPU
		{7057ED0E-8E93-427B-B47E-384A08BDA5EC}.Release|Any CPU.Build.0 = Release|Any CPU
		{20F3F941-D339-4F14-ABA9-144A9F9C3A4A}.Debug|Any CPU.ActiveCfg = Debug|Any CPU
		{20F3F941-D339-4F14-ABA9-144A9F9C3A4A}.Debug|Any CPU.Build.0 = Debug|Any CPU
		{20F3F941-D339-4F14-ABA9-144A9F9C3A4A}.Release|Any CPU.ActiveCfg = Release|Any CPU
		{20F3F941-D339-4F14-ABA9-144A9F9C3A4A}.Release|Any CPU.Build.0 = Release|Any CPU
		{F63197BB-4773-4477-BC77-E7A74C3DCAF6}.Debug|Any CPU.ActiveCfg = Debug|Any CPU
		{F63197BB-4773-4477-BC77-E7A74C3DCAF6}.Debug|Any CPU.Build.0 = Debug|Any CPU
		{F63197BB-4773-4477-BC77-E7A74C3DCAF6}.Release|Any CPU.ActiveCfg = Release|Any CPU
		{F63197BB-4773-4477-BC77-E7A74C3DCAF6}.Release|Any CPU.Build.0 = Release|Any CPU
		{5CF46BEC-5E94-4294-95AA-23BBAC747A3D}.Debug|Any CPU.ActiveCfg = Debug|Any CPU
		{5CF46BEC-5E94-4294-95AA-23BBAC747A3D}.Debug|Any CPU.Build.0 = Debug|Any CPU
		{5CF46BEC-5E94-4294-95AA-23BBAC747A3D}.Release|Any CPU.ActiveCfg = Release|Any CPU
		{5CF46BEC-5E94-4294-95AA-23BBAC747A3D}.Release|Any CPU.Build.0 = Release|Any CPU
		{1FEAE06B-D9D5-44F3-BF0E-5777B6BBA76C}.Debug|Any CPU.ActiveCfg = Debug|Any CPU
		{1FEAE06B-D9D5-44F3-BF0E-5777B6BBA76C}.Debug|Any CPU.Build.0 = Debug|Any CPU
		{1FEAE06B-D9D5-44F3-BF0E-5777B6BBA76C}.Release|Any CPU.ActiveCfg = Release|Any CPU
		{1FEAE06B-D9D5-44F3-BF0E-5777B6BBA76C}.Release|Any CPU.Build.0 = Release|Any CPU
		{C29A0EA9-49E4-459E-8525-3E8A0E9B75DD}.Debug|Any CPU.ActiveCfg = Debug|Any CPU
		{C29A0EA9-49E4-459E-8525-3E8A0E9B75DD}.Debug|Any CPU.Build.0 = Debug|Any CPU
		{C29A0EA9-49E4-459E-8525-3E8A0E9B75DD}.Release|Any CPU.ActiveCfg = Release|Any CPU
		{C29A0EA9-49E4-459E-8525-3E8A0E9B75DD}.Release|Any CPU.Build.0 = Release|Any CPU
		{7888E261-BA79-4C07-B08A-D2F7FC65F29C}.Debug|Any CPU.ActiveCfg = Debug|Any CPU
		{7888E261-BA79-4C07-B08A-D2F7FC65F29C}.Debug|Any CPU.Build.0 = Debug|Any CPU
		{7888E261-BA79-4C07-B08A-D2F7FC65F29C}.Release|Any CPU.ActiveCfg = Release|Any CPU
		{7888E261-BA79-4C07-B08A-D2F7FC65F29C}.Release|Any CPU.Build.0 = Release|Any CPU
		{B7BE109A-40CB-485E-B9FD-C2739F882105}.Debug|Any CPU.ActiveCfg = Debug|Any CPU
		{B7BE109A-40CB-485E-B9FD-C2739F882105}.Debug|Any CPU.Build.0 = Debug|Any CPU
		{B7BE109A-40CB-485E-B9FD-C2739F882105}.Release|Any CPU.ActiveCfg = Release|Any CPU
		{B7BE109A-40CB-485E-B9FD-C2739F882105}.Release|Any CPU.Build.0 = Release|Any CPU
		{0461DE6E-B331-409F-A4C5-0DCF17E7048A}.Debug|Any CPU.ActiveCfg = Debug|Any CPU
		{0461DE6E-B331-409F-A4C5-0DCF17E7048A}.Debug|Any CPU.Build.0 = Debug|Any CPU
		{0461DE6E-B331-409F-A4C5-0DCF17E7048A}.Release|Any CPU.ActiveCfg = Release|Any CPU
		{0461DE6E-B331-409F-A4C5-0DCF17E7048A}.Release|Any CPU.Build.0 = Release|Any CPU
		{4DC958A3-2D37-4D7D-8861-B5612E4DD689}.Debug|Any CPU.ActiveCfg = Debug|Any CPU
		{4DC958A3-2D37-4D7D-8861-B5612E4DD689}.Debug|Any CPU.Build.0 = Debug|Any CPU
		{4DC958A3-2D37-4D7D-8861-B5612E4DD689}.Release|Any CPU.ActiveCfg = Release|Any CPU
		{4DC958A3-2D37-4D7D-8861-B5612E4DD689}.Release|Any CPU.Build.0 = Release|Any CPU
		{D3A37560-BAAB-4053-BFB5-EFD22D4105FF}.Debug|Any CPU.ActiveCfg = Debug|Any CPU
		{D3A37560-BAAB-4053-BFB5-EFD22D4105FF}.Debug|Any CPU.Build.0 = Debug|Any CPU
		{D3A37560-BAAB-4053-BFB5-EFD22D4105FF}.Release|Any CPU.ActiveCfg = Release|Any CPU
		{D3A37560-BAAB-4053-BFB5-EFD22D4105FF}.Release|Any CPU.Build.0 = Release|Any CPU
		{CF915D89-DB9C-4683-8924-BE7D41376FAA}.Debug|Any CPU.ActiveCfg = Debug|Any CPU
		{CF915D89-DB9C-4683-8924-BE7D41376FAA}.Debug|Any CPU.Build.0 = Debug|Any CPU
		{CF915D89-DB9C-4683-8924-BE7D41376FAA}.Release|Any CPU.ActiveCfg = Release|Any CPU
		{CF915D89-DB9C-4683-8924-BE7D41376FAA}.Release|Any CPU.Build.0 = Release|Any CPU
		{CFA78E4D-7F9B-41D9-B712-78E133D35F83}.Debug|Any CPU.ActiveCfg = Debug|Any CPU
		{CFA78E4D-7F9B-41D9-B712-78E133D35F83}.Debug|Any CPU.Build.0 = Debug|Any CPU
		{CFA78E4D-7F9B-41D9-B712-78E133D35F83}.Release|Any CPU.ActiveCfg = Release|Any CPU
		{CFA78E4D-7F9B-41D9-B712-78E133D35F83}.Release|Any CPU.Build.0 = Release|Any CPU
		{55D82E01-A33E-434B-BCB1-08ABEDE2AB94}.Debug|Any CPU.ActiveCfg = Debug|Any CPU
		{55D82E01-A33E-434B-BCB1-08ABEDE2AB94}.Debug|Any CPU.Build.0 = Debug|Any CPU
		{55D82E01-A33E-434B-BCB1-08ABEDE2AB94}.Release|Any CPU.ActiveCfg = Release|Any CPU
		{55D82E01-A33E-434B-BCB1-08ABEDE2AB94}.Release|Any CPU.Build.0 = Release|Any CPU
		{81BE875E-0CF9-4F2D-A189-406245874405}.Debug|Any CPU.ActiveCfg = Debug|Any CPU
		{81BE875E-0CF9-4F2D-A189-406245874405}.Debug|Any CPU.Build.0 = Debug|Any CPU
		{81BE875E-0CF9-4F2D-A189-406245874405}.Release|Any CPU.ActiveCfg = Release|Any CPU
		{81BE875E-0CF9-4F2D-A189-406245874405}.Release|Any CPU.Build.0 = Release|Any CPU
		{0F5300EC-A5A7-461A-9085-2B8E461D0064}.Debug|Any CPU.ActiveCfg = Debug|Any CPU
		{0F5300EC-A5A7-461A-9085-2B8E461D0064}.Debug|Any CPU.Build.0 = Debug|Any CPU
		{0F5300EC-A5A7-461A-9085-2B8E461D0064}.Release|Any CPU.ActiveCfg = Release|Any CPU
		{0F5300EC-A5A7-461A-9085-2B8E461D0064}.Release|Any CPU.Build.0 = Release|Any CPU
		{38D5C2E6-B2B1-4A7A-8D1F-94888D4D3CE1}.Debug|Any CPU.ActiveCfg = Debug|Any CPU
		{38D5C2E6-B2B1-4A7A-8D1F-94888D4D3CE1}.Debug|Any CPU.Build.0 = Debug|Any CPU
		{38D5C2E6-B2B1-4A7A-8D1F-94888D4D3CE1}.Release|Any CPU.ActiveCfg = Release|Any CPU
		{38D5C2E6-B2B1-4A7A-8D1F-94888D4D3CE1}.Release|Any CPU.Build.0 = Release|Any CPU
		{3F7CBA55-2823-4C1C-A4C8-CB7C1482A58B}.Debug|Any CPU.ActiveCfg = Debug|Any CPU
		{3F7CBA55-2823-4C1C-A4C8-CB7C1482A58B}.Debug|Any CPU.Build.0 = Debug|Any CPU
		{3F7CBA55-2823-4C1C-A4C8-CB7C1482A58B}.Release|Any CPU.ActiveCfg = Release|Any CPU
		{3F7CBA55-2823-4C1C-A4C8-CB7C1482A58B}.Release|Any CPU.Build.0 = Release|Any CPU
		{45BC82F1-CFA7-402E-A5E0-18F58152D8A8}.Debug|Any CPU.ActiveCfg = Debug|Any CPU
		{45BC82F1-CFA7-402E-A5E0-18F58152D8A8}.Debug|Any CPU.Build.0 = Debug|Any CPU
		{45BC82F1-CFA7-402E-A5E0-18F58152D8A8}.Release|Any CPU.ActiveCfg = Release|Any CPU
		{45BC82F1-CFA7-402E-A5E0-18F58152D8A8}.Release|Any CPU.Build.0 = Release|Any CPU
		{E0222F5E-BBF4-4759-9285-C44E6FFDD878}.Debug|Any CPU.ActiveCfg = Debug|Any CPU
		{E0222F5E-BBF4-4759-9285-C44E6FFDD878}.Debug|Any CPU.Build.0 = Debug|Any CPU
		{E0222F5E-BBF4-4759-9285-C44E6FFDD878}.Release|Any CPU.ActiveCfg = Release|Any CPU
		{E0222F5E-BBF4-4759-9285-C44E6FFDD878}.Release|Any CPU.Build.0 = Release|Any CPU
		{D93C727C-451C-40C7-8AE5-306E5060F10D}.Debug|Any CPU.ActiveCfg = Debug|Any CPU
		{D93C727C-451C-40C7-8AE5-306E5060F10D}.Debug|Any CPU.Build.0 = Debug|Any CPU
		{D93C727C-451C-40C7-8AE5-306E5060F10D}.Release|Any CPU.ActiveCfg = Release|Any CPU
		{D93C727C-451C-40C7-8AE5-306E5060F10D}.Release|Any CPU.Build.0 = Release|Any CPU
		{C0CFB691-19BF-4137-9A82-B14236193128}.Debug|Any CPU.ActiveCfg = Debug|Any CPU
		{C0CFB691-19BF-4137-9A82-B14236193128}.Debug|Any CPU.Build.0 = Debug|Any CPU
		{C0CFB691-19BF-4137-9A82-B14236193128}.Release|Any CPU.ActiveCfg = Release|Any CPU
		{C0CFB691-19BF-4137-9A82-B14236193128}.Release|Any CPU.Build.0 = Release|Any CPU
		{E825A7C3-4FA9-4B7D-B8AA-2F383AD23F34}.Debug|Any CPU.ActiveCfg = Debug|Any CPU
		{E825A7C3-4FA9-4B7D-B8AA-2F383AD23F34}.Debug|Any CPU.Build.0 = Debug|Any CPU
		{E825A7C3-4FA9-4B7D-B8AA-2F383AD23F34}.Release|Any CPU.ActiveCfg = Release|Any CPU
		{E825A7C3-4FA9-4B7D-B8AA-2F383AD23F34}.Release|Any CPU.Build.0 = Release|Any CPU
		{58A46A8A-8240-4BA6-A991-CABE34E96AE7}.Debug|Any CPU.ActiveCfg = Debug|Any CPU
		{58A46A8A-8240-4BA6-A991-CABE34E96AE7}.Debug|Any CPU.Build.0 = Debug|Any CPU
		{58A46A8A-8240-4BA6-A991-CABE34E96AE7}.Release|Any CPU.ActiveCfg = Release|Any CPU
		{58A46A8A-8240-4BA6-A991-CABE34E96AE7}.Release|Any CPU.Build.0 = Release|Any CPU
		{1361EE25-826D-433E-A2F0-70E6A48AF720}.Debug|Any CPU.ActiveCfg = Debug|Any CPU
		{1361EE25-826D-433E-A2F0-70E6A48AF720}.Debug|Any CPU.Build.0 = Debug|Any CPU
		{1361EE25-826D-433E-A2F0-70E6A48AF720}.Release|Any CPU.ActiveCfg = Release|Any CPU
		{1361EE25-826D-433E-A2F0-70E6A48AF720}.Release|Any CPU.Build.0 = Release|Any CPU
		{4FCBFE8E-2374-463E-80B5-59AC3591FE28}.Debug|Any CPU.ActiveCfg = Debug|Any CPU
		{4FCBFE8E-2374-463E-80B5-59AC3591FE28}.Debug|Any CPU.Build.0 = Debug|Any CPU
		{4FCBFE8E-2374-463E-80B5-59AC3591FE28}.Release|Any CPU.ActiveCfg = Release|Any CPU
		{4FCBFE8E-2374-463E-80B5-59AC3591FE28}.Release|Any CPU.Build.0 = Release|Any CPU
		{3ED20A42-EC36-4820-954A-F7655E9DADB9}.Debug|Any CPU.ActiveCfg = Debug|Any CPU
		{3ED20A42-EC36-4820-954A-F7655E9DADB9}.Debug|Any CPU.Build.0 = Debug|Any CPU
		{3ED20A42-EC36-4820-954A-F7655E9DADB9}.Release|Any CPU.ActiveCfg = Release|Any CPU
		{3ED20A42-EC36-4820-954A-F7655E9DADB9}.Release|Any CPU.Build.0 = Release|Any CPU
		{AE99E211-5CD5-4D81-95E2-03B30AE042CE}.Debug|Any CPU.ActiveCfg = Debug|Any CPU
		{AE99E211-5CD5-4D81-95E2-03B30AE042CE}.Debug|Any CPU.Build.0 = Debug|Any CPU
		{AE99E211-5CD5-4D81-95E2-03B30AE042CE}.Release|Any CPU.ActiveCfg = Release|Any CPU
		{AE99E211-5CD5-4D81-95E2-03B30AE042CE}.Release|Any CPU.Build.0 = Release|Any CPU
		{D12F7A48-0C72-433A-9D5A-C3FC92214330}.Debug|Any CPU.ActiveCfg = Debug|Any CPU
		{D12F7A48-0C72-433A-9D5A-C3FC92214330}.Debug|Any CPU.Build.0 = Debug|Any CPU
		{D12F7A48-0C72-433A-9D5A-C3FC92214330}.Release|Any CPU.ActiveCfg = Release|Any CPU
		{D12F7A48-0C72-433A-9D5A-C3FC92214330}.Release|Any CPU.Build.0 = Release|Any CPU
		{9B8F7939-4DD0-410D-A93A-CBA54DE15079}.Debug|Any CPU.ActiveCfg = Debug|Any CPU
		{9B8F7939-4DD0-410D-A93A-CBA54DE15079}.Debug|Any CPU.Build.0 = Debug|Any CPU
		{9B8F7939-4DD0-410D-A93A-CBA54DE15079}.Release|Any CPU.ActiveCfg = Release|Any CPU
		{9B8F7939-4DD0-410D-A93A-CBA54DE15079}.Release|Any CPU.Build.0 = Release|Any CPU
		{426F1A8C-3FD6-4478-B452-768960B8505F}.Debug|Any CPU.ActiveCfg = Debug|Any CPU
		{426F1A8C-3FD6-4478-B452-768960B8505F}.Debug|Any CPU.Build.0 = Debug|Any CPU
		{426F1A8C-3FD6-4478-B452-768960B8505F}.Release|Any CPU.ActiveCfg = Release|Any CPU
		{426F1A8C-3FD6-4478-B452-768960B8505F}.Release|Any CPU.Build.0 = Release|Any CPU
		{BB260255-B8BE-417C-99BB-9E06CB398681}.Debug|Any CPU.ActiveCfg = Debug|Any CPU
		{BB260255-B8BE-417C-99BB-9E06CB398681}.Debug|Any CPU.Build.0 = Debug|Any CPU
		{BB260255-B8BE-417C-99BB-9E06CB398681}.Release|Any CPU.ActiveCfg = Release|Any CPU
		{BB260255-B8BE-417C-99BB-9E06CB398681}.Release|Any CPU.Build.0 = Release|Any CPU
		{A01B882A-0012-4282-A92B-46959E704895}.Debug|Any CPU.ActiveCfg = Debug|Any CPU
		{A01B882A-0012-4282-A92B-46959E704895}.Debug|Any CPU.Build.0 = Debug|Any CPU
		{A01B882A-0012-4282-A92B-46959E704895}.Release|Any CPU.ActiveCfg = Release|Any CPU
		{A01B882A-0012-4282-A92B-46959E704895}.Release|Any CPU.Build.0 = Release|Any CPU
		{0255B40A-F8A0-46BC-8CAE-15A12CE8E845}.Debug|Any CPU.ActiveCfg = Debug|Any CPU
		{0255B40A-F8A0-46BC-8CAE-15A12CE8E845}.Debug|Any CPU.Build.0 = Debug|Any CPU
		{0255B40A-F8A0-46BC-8CAE-15A12CE8E845}.Release|Any CPU.ActiveCfg = Release|Any CPU
		{0255B40A-F8A0-46BC-8CAE-15A12CE8E845}.Release|Any CPU.Build.0 = Release|Any CPU
		{EAEE5E4B-B11E-4E47-B088-6E9A1CA9215F}.Debug|Any CPU.ActiveCfg = Debug|Any CPU
		{EAEE5E4B-B11E-4E47-B088-6E9A1CA9215F}.Debug|Any CPU.Build.0 = Debug|Any CPU
		{EAEE5E4B-B11E-4E47-B088-6E9A1CA9215F}.Release|Any CPU.ActiveCfg = Release|Any CPU
		{EAEE5E4B-B11E-4E47-B088-6E9A1CA9215F}.Release|Any CPU.Build.0 = Release|Any CPU
		{ADEC34F0-9286-48BC-B51C-B2E0A44EEB19}.Debug|Any CPU.ActiveCfg = Debug|Any CPU
		{ADEC34F0-9286-48BC-B51C-B2E0A44EEB19}.Debug|Any CPU.Build.0 = Debug|Any CPU
		{ADEC34F0-9286-48BC-B51C-B2E0A44EEB19}.Release|Any CPU.ActiveCfg = Release|Any CPU
		{ADEC34F0-9286-48BC-B51C-B2E0A44EEB19}.Release|Any CPU.Build.0 = Release|Any CPU
		{3FF24FBE-1ADA-428A-9CF7-285C0A556B5D}.Debug|Any CPU.ActiveCfg = Debug|Any CPU
		{3FF24FBE-1ADA-428A-9CF7-285C0A556B5D}.Debug|Any CPU.Build.0 = Debug|Any CPU
		{3FF24FBE-1ADA-428A-9CF7-285C0A556B5D}.Release|Any CPU.ActiveCfg = Release|Any CPU
		{3FF24FBE-1ADA-428A-9CF7-285C0A556B5D}.Release|Any CPU.Build.0 = Release|Any CPU
		{B83A3D7F-BD6D-4ECE-8114-6BDFED6705D5}.Debug|Any CPU.ActiveCfg = Debug|Any CPU
		{B83A3D7F-BD6D-4ECE-8114-6BDFED6705D5}.Debug|Any CPU.Build.0 = Debug|Any CPU
		{B83A3D7F-BD6D-4ECE-8114-6BDFED6705D5}.Release|Any CPU.ActiveCfg = Release|Any CPU
		{B83A3D7F-BD6D-4ECE-8114-6BDFED6705D5}.Release|Any CPU.Build.0 = Release|Any CPU
		{F266F5AC-6F85-4888-B4CA-26EBF7868CA2}.Debug|Any CPU.ActiveCfg = Debug|Any CPU
		{F266F5AC-6F85-4888-B4CA-26EBF7868CA2}.Debug|Any CPU.Build.0 = Debug|Any CPU
		{F266F5AC-6F85-4888-B4CA-26EBF7868CA2}.Release|Any CPU.ActiveCfg = Release|Any CPU
		{F266F5AC-6F85-4888-B4CA-26EBF7868CA2}.Release|Any CPU.Build.0 = Release|Any CPU
		{694E1A09-3A5F-4871-B347-6598CA4A60EA}.Debug|Any CPU.ActiveCfg = Debug|Any CPU
		{694E1A09-3A5F-4871-B347-6598CA4A60EA}.Debug|Any CPU.Build.0 = Debug|Any CPU
		{694E1A09-3A5F-4871-B347-6598CA4A60EA}.Release|Any CPU.ActiveCfg = Release|Any CPU
		{694E1A09-3A5F-4871-B347-6598CA4A60EA}.Release|Any CPU.Build.0 = Release|Any CPU
		{2DA2C4B8-8ECF-40BB-8C22-39CBBB5E2E08}.Debug|Any CPU.ActiveCfg = Debug|Any CPU
		{2DA2C4B8-8ECF-40BB-8C22-39CBBB5E2E08}.Debug|Any CPU.Build.0 = Debug|Any CPU
		{2DA2C4B8-8ECF-40BB-8C22-39CBBB5E2E08}.Release|Any CPU.ActiveCfg = Release|Any CPU
		{2DA2C4B8-8ECF-40BB-8C22-39CBBB5E2E08}.Release|Any CPU.Build.0 = Release|Any CPU
		{1C71BE9F-C494-4B71-A3B7-297A6B2CEDBD}.Debug|Any CPU.ActiveCfg = Debug|Any CPU
		{1C71BE9F-C494-4B71-A3B7-297A6B2CEDBD}.Debug|Any CPU.Build.0 = Debug|Any CPU
		{1C71BE9F-C494-4B71-A3B7-297A6B2CEDBD}.Release|Any CPU.ActiveCfg = Release|Any CPU
		{1C71BE9F-C494-4B71-A3B7-297A6B2CEDBD}.Release|Any CPU.Build.0 = Release|Any CPU
		{94D573AF-AAFD-4306-A5FB-F92875E1B64A}.Debug|Any CPU.ActiveCfg = Debug|Any CPU
		{94D573AF-AAFD-4306-A5FB-F92875E1B64A}.Debug|Any CPU.Build.0 = Debug|Any CPU
		{94D573AF-AAFD-4306-A5FB-F92875E1B64A}.Release|Any CPU.ActiveCfg = Release|Any CPU
		{94D573AF-AAFD-4306-A5FB-F92875E1B64A}.Release|Any CPU.Build.0 = Release|Any CPU
		{B8C661A4-20FE-4E8F-9EAF-952CFDDEE6BD}.Debug|Any CPU.ActiveCfg = Debug|Any CPU
		{B8C661A4-20FE-4E8F-9EAF-952CFDDEE6BD}.Debug|Any CPU.Build.0 = Debug|Any CPU
		{B8C661A4-20FE-4E8F-9EAF-952CFDDEE6BD}.Release|Any CPU.ActiveCfg = Release|Any CPU
		{B8C661A4-20FE-4E8F-9EAF-952CFDDEE6BD}.Release|Any CPU.Build.0 = Release|Any CPU
		{11BF9569-C417-47B9-8746-86776D95D164}.Debug|Any CPU.ActiveCfg = Debug|Any CPU
		{11BF9569-C417-47B9-8746-86776D95D164}.Debug|Any CPU.Build.0 = Debug|Any CPU
		{11BF9569-C417-47B9-8746-86776D95D164}.Release|Any CPU.ActiveCfg = Release|Any CPU
		{11BF9569-C417-47B9-8746-86776D95D164}.Release|Any CPU.Build.0 = Release|Any CPU
		{E2AB0355-4B94-4A1D-B592-592B402F9972}.Debug|Any CPU.ActiveCfg = Debug|Any CPU
		{E2AB0355-4B94-4A1D-B592-592B402F9972}.Debug|Any CPU.Build.0 = Debug|Any CPU
		{E2AB0355-4B94-4A1D-B592-592B402F9972}.Release|Any CPU.ActiveCfg = Release|Any CPU
		{E2AB0355-4B94-4A1D-B592-592B402F9972}.Release|Any CPU.Build.0 = Release|Any CPU
		{F0BF69E0-31EA-4E80-B549-F74F65347543}.Debug|Any CPU.ActiveCfg = Debug|Any CPU
		{F0BF69E0-31EA-4E80-B549-F74F65347543}.Debug|Any CPU.Build.0 = Debug|Any CPU
		{F0BF69E0-31EA-4E80-B549-F74F65347543}.Release|Any CPU.ActiveCfg = Release|Any CPU
		{F0BF69E0-31EA-4E80-B549-F74F65347543}.Release|Any CPU.Build.0 = Release|Any CPU
		{2E27D4FB-367A-475D-A516-1256D71B5471}.Debug|Any CPU.ActiveCfg = Debug|Any CPU
		{2E27D4FB-367A-475D-A516-1256D71B5471}.Debug|Any CPU.Build.0 = Debug|Any CPU
		{2E27D4FB-367A-475D-A516-1256D71B5471}.Release|Any CPU.ActiveCfg = Release|Any CPU
		{2E27D4FB-367A-475D-A516-1256D71B5471}.Release|Any CPU.Build.0 = Release|Any CPU
		{E141532A-B704-40D0-89DA-0EB3BB59E849}.Debug|Any CPU.ActiveCfg = Debug|Any CPU
		{E141532A-B704-40D0-89DA-0EB3BB59E849}.Debug|Any CPU.Build.0 = Debug|Any CPU
		{E141532A-B704-40D0-89DA-0EB3BB59E849}.Release|Any CPU.ActiveCfg = Release|Any CPU
		{E141532A-B704-40D0-89DA-0EB3BB59E849}.Release|Any CPU.Build.0 = Release|Any CPU
		{ED00B4DB-B840-4D4C-8ECE-A5E42962431D}.Debug|Any CPU.ActiveCfg = Debug|Any CPU
		{ED00B4DB-B840-4D4C-8ECE-A5E42962431D}.Debug|Any CPU.Build.0 = Debug|Any CPU
		{ED00B4DB-B840-4D4C-8ECE-A5E42962431D}.Release|Any CPU.ActiveCfg = Release|Any CPU
		{ED00B4DB-B840-4D4C-8ECE-A5E42962431D}.Release|Any CPU.Build.0 = Release|Any CPU
		{D992B87C-3932-42C0-A0D5-02DC375E2C3E}.Debug|Any CPU.ActiveCfg = Debug|Any CPU
		{D992B87C-3932-42C0-A0D5-02DC375E2C3E}.Debug|Any CPU.Build.0 = Debug|Any CPU
		{D992B87C-3932-42C0-A0D5-02DC375E2C3E}.Release|Any CPU.ActiveCfg = Release|Any CPU
		{D992B87C-3932-42C0-A0D5-02DC375E2C3E}.Release|Any CPU.Build.0 = Release|Any CPU
		{960960FE-1C4A-47DA-8F03-1170605A0C1A}.Debug|Any CPU.ActiveCfg = Debug|Any CPU
		{960960FE-1C4A-47DA-8F03-1170605A0C1A}.Debug|Any CPU.Build.0 = Debug|Any CPU
		{960960FE-1C4A-47DA-8F03-1170605A0C1A}.Release|Any CPU.ActiveCfg = Release|Any CPU
		{960960FE-1C4A-47DA-8F03-1170605A0C1A}.Release|Any CPU.Build.0 = Release|Any CPU
		{6DD8FAD6-E65C-429F-944E-9E530AF20F4E}.Debug|Any CPU.ActiveCfg = Debug|Any CPU
		{6DD8FAD6-E65C-429F-944E-9E530AF20F4E}.Debug|Any CPU.Build.0 = Debug|Any CPU
		{6DD8FAD6-E65C-429F-944E-9E530AF20F4E}.Release|Any CPU.ActiveCfg = Release|Any CPU
		{6DD8FAD6-E65C-429F-944E-9E530AF20F4E}.Release|Any CPU.Build.0 = Release|Any CPU
		{E7A85D9A-2372-4E27-94DA-13A897DAFE44}.Debug|Any CPU.ActiveCfg = Debug|Any CPU
		{E7A85D9A-2372-4E27-94DA-13A897DAFE44}.Debug|Any CPU.Build.0 = Debug|Any CPU
		{E7A85D9A-2372-4E27-94DA-13A897DAFE44}.Release|Any CPU.ActiveCfg = Release|Any CPU
		{E7A85D9A-2372-4E27-94DA-13A897DAFE44}.Release|Any CPU.Build.0 = Release|Any CPU
		{203D03D0-8C0E-4B80-A9CA-023C6DF1991B}.Debug|Any CPU.ActiveCfg = Debug|Any CPU
		{203D03D0-8C0E-4B80-A9CA-023C6DF1991B}.Debug|Any CPU.Build.0 = Debug|Any CPU
		{203D03D0-8C0E-4B80-A9CA-023C6DF1991B}.Release|Any CPU.ActiveCfg = Release|Any CPU
		{203D03D0-8C0E-4B80-A9CA-023C6DF1991B}.Release|Any CPU.Build.0 = Release|Any CPU
		{730EEBDC-974C-419B-BC03-04A30F5FA65C}.Debug|Any CPU.ActiveCfg = Debug|Any CPU
		{730EEBDC-974C-419B-BC03-04A30F5FA65C}.Debug|Any CPU.Build.0 = Debug|Any CPU
		{730EEBDC-974C-419B-BC03-04A30F5FA65C}.Release|Any CPU.ActiveCfg = Release|Any CPU
		{730EEBDC-974C-419B-BC03-04A30F5FA65C}.Release|Any CPU.Build.0 = Release|Any CPU
		{733536DC-4AB4-4A6C-97AC-008CE0AF8594}.Debug|Any CPU.ActiveCfg = Debug|Any CPU
		{733536DC-4AB4-4A6C-97AC-008CE0AF8594}.Debug|Any CPU.Build.0 = Debug|Any CPU
		{733536DC-4AB4-4A6C-97AC-008CE0AF8594}.Release|Any CPU.ActiveCfg = Release|Any CPU
		{733536DC-4AB4-4A6C-97AC-008CE0AF8594}.Release|Any CPU.Build.0 = Release|Any CPU
		{8D62DCED-4939-4D8A-9CA7-9C81B4B5F872}.Debug|Any CPU.ActiveCfg = Debug|Any CPU
		{8D62DCED-4939-4D8A-9CA7-9C81B4B5F872}.Debug|Any CPU.Build.0 = Debug|Any CPU
		{8D62DCED-4939-4D8A-9CA7-9C81B4B5F872}.Release|Any CPU.ActiveCfg = Release|Any CPU
		{8D62DCED-4939-4D8A-9CA7-9C81B4B5F872}.Release|Any CPU.Build.0 = Release|Any CPU
		{B8F03293-1386-494B-8E99-86823557B266}.Debug|Any CPU.ActiveCfg = Debug|Any CPU
		{B8F03293-1386-494B-8E99-86823557B266}.Debug|Any CPU.Build.0 = Debug|Any CPU
		{B8F03293-1386-494B-8E99-86823557B266}.Release|Any CPU.ActiveCfg = Release|Any CPU
		{B8F03293-1386-494B-8E99-86823557B266}.Release|Any CPU.Build.0 = Release|Any CPU
		{44C96C90-A47E-41BA-B184-3198E69EF340}.Debug|Any CPU.ActiveCfg = Debug|Any CPU
		{44C96C90-A47E-41BA-B184-3198E69EF340}.Debug|Any CPU.Build.0 = Debug|Any CPU
		{44C96C90-A47E-41BA-B184-3198E69EF340}.Release|Any CPU.ActiveCfg = Release|Any CPU
		{44C96C90-A47E-41BA-B184-3198E69EF340}.Release|Any CPU.Build.0 = Release|Any CPU
		{C6DC2DB4-70E6-4DE5-82F0-8AE23A2C814E}.Debug|Any CPU.ActiveCfg = Debug|Any CPU
		{C6DC2DB4-70E6-4DE5-82F0-8AE23A2C814E}.Debug|Any CPU.Build.0 = Debug|Any CPU
		{C6DC2DB4-70E6-4DE5-82F0-8AE23A2C814E}.Release|Any CPU.ActiveCfg = Release|Any CPU
		{C6DC2DB4-70E6-4DE5-82F0-8AE23A2C814E}.Release|Any CPU.Build.0 = Release|Any CPU
		{4CD8B47E-EFDA-4284-B159-CA72BC9985AC}.Debug|Any CPU.ActiveCfg = Debug|Any CPU
		{4CD8B47E-EFDA-4284-B159-CA72BC9985AC}.Debug|Any CPU.Build.0 = Debug|Any CPU
		{4CD8B47E-EFDA-4284-B159-CA72BC9985AC}.Release|Any CPU.ActiveCfg = Release|Any CPU
		{4CD8B47E-EFDA-4284-B159-CA72BC9985AC}.Release|Any CPU.Build.0 = Release|Any CPU
		{4E2EAC01-8ABD-4A3A-AADE-5F0E5D31DB95}.Debug|Any CPU.ActiveCfg = Debug|Any CPU
		{4E2EAC01-8ABD-4A3A-AADE-5F0E5D31DB95}.Debug|Any CPU.Build.0 = Debug|Any CPU
		{4E2EAC01-8ABD-4A3A-AADE-5F0E5D31DB95}.Release|Any CPU.ActiveCfg = Release|Any CPU
		{4E2EAC01-8ABD-4A3A-AADE-5F0E5D31DB95}.Release|Any CPU.Build.0 = Release|Any CPU
		{D98C2F7B-91C2-4FBD-8735-14F3DBDA9EB0}.Debug|Any CPU.ActiveCfg = Debug|Any CPU
		{D98C2F7B-91C2-4FBD-8735-14F3DBDA9EB0}.Debug|Any CPU.Build.0 = Debug|Any CPU
		{D98C2F7B-91C2-4FBD-8735-14F3DBDA9EB0}.Release|Any CPU.ActiveCfg = Release|Any CPU
		{D98C2F7B-91C2-4FBD-8735-14F3DBDA9EB0}.Release|Any CPU.Build.0 = Release|Any CPU
		{7D33CE8E-819A-4F71-957E-38C6A489A245}.Debug|Any CPU.ActiveCfg = Debug|Any CPU
		{7D33CE8E-819A-4F71-957E-38C6A489A245}.Debug|Any CPU.Build.0 = Debug|Any CPU
		{7D33CE8E-819A-4F71-957E-38C6A489A245}.Release|Any CPU.ActiveCfg = Release|Any CPU
		{7D33CE8E-819A-4F71-957E-38C6A489A245}.Release|Any CPU.Build.0 = Release|Any CPU
		{082F0997-E6F2-43F4-8E8C-7D973B226048}.Debug|Any CPU.ActiveCfg = Debug|Any CPU
		{082F0997-E6F2-43F4-8E8C-7D973B226048}.Debug|Any CPU.Build.0 = Debug|Any CPU
		{082F0997-E6F2-43F4-8E8C-7D973B226048}.Release|Any CPU.ActiveCfg = Release|Any CPU
		{082F0997-E6F2-43F4-8E8C-7D973B226048}.Release|Any CPU.Build.0 = Release|Any CPU
		{56C6B4A1-679C-4E64-B90F-17884C587E8A}.Debug|Any CPU.ActiveCfg = Debug|Any CPU
		{56C6B4A1-679C-4E64-B90F-17884C587E8A}.Debug|Any CPU.Build.0 = Debug|Any CPU
		{56C6B4A1-679C-4E64-B90F-17884C587E8A}.Release|Any CPU.ActiveCfg = Release|Any CPU
		{56C6B4A1-679C-4E64-B90F-17884C587E8A}.Release|Any CPU.Build.0 = Release|Any CPU
		{DAECE5A9-0961-4110-9E5E-40B8E92C0D84}.Debug|Any CPU.ActiveCfg = Debug|Any CPU
		{DAECE5A9-0961-4110-9E5E-40B8E92C0D84}.Debug|Any CPU.Build.0 = Debug|Any CPU
		{DAECE5A9-0961-4110-9E5E-40B8E92C0D84}.Release|Any CPU.ActiveCfg = Release|Any CPU
		{DAECE5A9-0961-4110-9E5E-40B8E92C0D84}.Release|Any CPU.Build.0 = Release|Any CPU
		{168F5E28-7CB1-4E02-8B67-FD9FABDF53EF}.Debug|Any CPU.ActiveCfg = Debug|Any CPU
		{168F5E28-7CB1-4E02-8B67-FD9FABDF53EF}.Debug|Any CPU.Build.0 = Debug|Any CPU
		{168F5E28-7CB1-4E02-8B67-FD9FABDF53EF}.Release|Any CPU.ActiveCfg = Release|Any CPU
		{168F5E28-7CB1-4E02-8B67-FD9FABDF53EF}.Release|Any CPU.Build.0 = Release|Any CPU
		{E3522CE7-C90C-445D-87A9-364F975BC6C9}.Debug|Any CPU.ActiveCfg = Debug|Any CPU
		{E3522CE7-C90C-445D-87A9-364F975BC6C9}.Debug|Any CPU.Build.0 = Debug|Any CPU
		{E3522CE7-C90C-445D-87A9-364F975BC6C9}.Release|Any CPU.ActiveCfg = Release|Any CPU
		{E3522CE7-C90C-445D-87A9-364F975BC6C9}.Release|Any CPU.Build.0 = Release|Any CPU
		{602FA10B-32C3-43E0-A843-C3B0F3022AA3}.Debug|Any CPU.ActiveCfg = Debug|Any CPU
		{602FA10B-32C3-43E0-A843-C3B0F3022AA3}.Debug|Any CPU.Build.0 = Debug|Any CPU
		{602FA10B-32C3-43E0-A843-C3B0F3022AA3}.Release|Any CPU.ActiveCfg = Release|Any CPU
		{602FA10B-32C3-43E0-A843-C3B0F3022AA3}.Release|Any CPU.Build.0 = Release|Any CPU
		{BC7CF50F-E402-4C32-AC2A-4C247585BAFF}.Debug|Any CPU.ActiveCfg = Debug|Any CPU
		{BC7CF50F-E402-4C32-AC2A-4C247585BAFF}.Debug|Any CPU.Build.0 = Debug|Any CPU
		{BC7CF50F-E402-4C32-AC2A-4C247585BAFF}.Release|Any CPU.ActiveCfg = Release|Any CPU
		{BC7CF50F-E402-4C32-AC2A-4C247585BAFF}.Release|Any CPU.Build.0 = Release|Any CPU
		{533498B8-4CDB-43AC-A573-6BABD30A9BEB}.Debug|Any CPU.ActiveCfg = Debug|Any CPU
		{533498B8-4CDB-43AC-A573-6BABD30A9BEB}.Debug|Any CPU.Build.0 = Debug|Any CPU
		{533498B8-4CDB-43AC-A573-6BABD30A9BEB}.Release|Any CPU.ActiveCfg = Release|Any CPU
		{533498B8-4CDB-43AC-A573-6BABD30A9BEB}.Release|Any CPU.Build.0 = Release|Any CPU
		{775FCF40-9A90-422C-B696-5452C7AB8CF1}.Debug|Any CPU.ActiveCfg = Debug|Any CPU
		{775FCF40-9A90-422C-B696-5452C7AB8CF1}.Debug|Any CPU.Build.0 = Debug|Any CPU
		{775FCF40-9A90-422C-B696-5452C7AB8CF1}.Release|Any CPU.ActiveCfg = Release|Any CPU
		{775FCF40-9A90-422C-B696-5452C7AB8CF1}.Release|Any CPU.Build.0 = Release|Any CPU
		{14EF4662-4FF7-4137-9748-4B7E3C9A787D}.Debug|Any CPU.ActiveCfg = Debug|Any CPU
		{14EF4662-4FF7-4137-9748-4B7E3C9A787D}.Debug|Any CPU.Build.0 = Debug|Any CPU
		{14EF4662-4FF7-4137-9748-4B7E3C9A787D}.Release|Any CPU.ActiveCfg = Release|Any CPU
		{14EF4662-4FF7-4137-9748-4B7E3C9A787D}.Release|Any CPU.Build.0 = Release|Any CPU
		{72EFE9B9-3AB4-4358-95DF-D1B59879FA15}.Debug|Any CPU.ActiveCfg = Debug|Any CPU
		{72EFE9B9-3AB4-4358-95DF-D1B59879FA15}.Debug|Any CPU.Build.0 = Debug|Any CPU
		{72EFE9B9-3AB4-4358-95DF-D1B59879FA15}.Release|Any CPU.ActiveCfg = Release|Any CPU
		{72EFE9B9-3AB4-4358-95DF-D1B59879FA15}.Release|Any CPU.Build.0 = Release|Any CPU
		{33715F71-F742-4B8C-A936-D673FB42BE42}.Debug|Any CPU.ActiveCfg = Debug|Any CPU
		{33715F71-F742-4B8C-A936-D673FB42BE42}.Debug|Any CPU.Build.0 = Debug|Any CPU
		{33715F71-F742-4B8C-A936-D673FB42BE42}.Release|Any CPU.ActiveCfg = Release|Any CPU
		{33715F71-F742-4B8C-A936-D673FB42BE42}.Release|Any CPU.Build.0 = Release|Any CPU
		{0489F322-DAC8-4931-876F-9F394802CB1E}.Debug|Any CPU.ActiveCfg = Debug|Any CPU
		{0489F322-DAC8-4931-876F-9F394802CB1E}.Debug|Any CPU.Build.0 = Debug|Any CPU
		{0489F322-DAC8-4931-876F-9F394802CB1E}.Release|Any CPU.ActiveCfg = Release|Any CPU
		{0489F322-DAC8-4931-876F-9F394802CB1E}.Release|Any CPU.Build.0 = Release|Any CPU
		{A5E09415-9607-4096-8747-C403D28A35EB}.Debug|Any CPU.ActiveCfg = Debug|Any CPU
		{A5E09415-9607-4096-8747-C403D28A35EB}.Debug|Any CPU.Build.0 = Debug|Any CPU
		{A5E09415-9607-4096-8747-C403D28A35EB}.Release|Any CPU.ActiveCfg = Release|Any CPU
		{A5E09415-9607-4096-8747-C403D28A35EB}.Release|Any CPU.Build.0 = Release|Any CPU
		{8794AF88-2782-4FA9-90F2-EC65119E3B1E}.Debug|Any CPU.ActiveCfg = Debug|Any CPU
		{8794AF88-2782-4FA9-90F2-EC65119E3B1E}.Debug|Any CPU.Build.0 = Debug|Any CPU
		{8794AF88-2782-4FA9-90F2-EC65119E3B1E}.Release|Any CPU.ActiveCfg = Release|Any CPU
		{8794AF88-2782-4FA9-90F2-EC65119E3B1E}.Release|Any CPU.Build.0 = Release|Any CPU
		{E89FBBC7-AD4A-46B3-B553-A39F371C4C91}.Debug|Any CPU.ActiveCfg = Debug|Any CPU
		{E89FBBC7-AD4A-46B3-B553-A39F371C4C91}.Debug|Any CPU.Build.0 = Debug|Any CPU
		{E89FBBC7-AD4A-46B3-B553-A39F371C4C91}.Release|Any CPU.ActiveCfg = Release|Any CPU
		{E89FBBC7-AD4A-46B3-B553-A39F371C4C91}.Release|Any CPU.Build.0 = Release|Any CPU
		{39723096-9080-416D-AC63-9AE5B95B98EB}.Debug|Any CPU.ActiveCfg = Debug|Any CPU
		{39723096-9080-416D-AC63-9AE5B95B98EB}.Debug|Any CPU.Build.0 = Debug|Any CPU
		{39723096-9080-416D-AC63-9AE5B95B98EB}.Release|Any CPU.ActiveCfg = Release|Any CPU
		{39723096-9080-416D-AC63-9AE5B95B98EB}.Release|Any CPU.Build.0 = Release|Any CPU
		{3FCB135C-0F2D-47FB-B4E7-5331906F1278}.Debug|Any CPU.ActiveCfg = Debug|Any CPU
		{3FCB135C-0F2D-47FB-B4E7-5331906F1278}.Debug|Any CPU.Build.0 = Debug|Any CPU
		{3FCB135C-0F2D-47FB-B4E7-5331906F1278}.Release|Any CPU.ActiveCfg = Release|Any CPU
		{3FCB135C-0F2D-47FB-B4E7-5331906F1278}.Release|Any CPU.Build.0 = Release|Any CPU
		{FB3C5DDE-A177-4A9E-89F4-1A696515EF1E}.Debug|Any CPU.ActiveCfg = Debug|Any CPU
		{FB3C5DDE-A177-4A9E-89F4-1A696515EF1E}.Debug|Any CPU.Build.0 = Debug|Any CPU
		{FB3C5DDE-A177-4A9E-89F4-1A696515EF1E}.Release|Any CPU.ActiveCfg = Release|Any CPU
		{FB3C5DDE-A177-4A9E-89F4-1A696515EF1E}.Release|Any CPU.Build.0 = Release|Any CPU
		{387F3D73-7AFA-4714-A575-D6BBA9EB1A3F}.Debug|Any CPU.ActiveCfg = Debug|Any CPU
		{387F3D73-7AFA-4714-A575-D6BBA9EB1A3F}.Debug|Any CPU.Build.0 = Debug|Any CPU
		{387F3D73-7AFA-4714-A575-D6BBA9EB1A3F}.Release|Any CPU.ActiveCfg = Release|Any CPU
		{387F3D73-7AFA-4714-A575-D6BBA9EB1A3F}.Release|Any CPU.Build.0 = Release|Any CPU
		{647D622D-196D-442C-9E62-214B2677730F}.Debug|Any CPU.ActiveCfg = Debug|Any CPU
		{647D622D-196D-442C-9E62-214B2677730F}.Debug|Any CPU.Build.0 = Debug|Any CPU
		{647D622D-196D-442C-9E62-214B2677730F}.Release|Any CPU.ActiveCfg = Release|Any CPU
		{647D622D-196D-442C-9E62-214B2677730F}.Release|Any CPU.Build.0 = Release|Any CPU
		{67ACECF0-E40A-4196-B3F9-05EBCD118187}.Debug|Any CPU.ActiveCfg = Debug|Any CPU
		{67ACECF0-E40A-4196-B3F9-05EBCD118187}.Debug|Any CPU.Build.0 = Debug|Any CPU
		{67ACECF0-E40A-4196-B3F9-05EBCD118187}.Release|Any CPU.ActiveCfg = Release|Any CPU
		{67ACECF0-E40A-4196-B3F9-05EBCD118187}.Release|Any CPU.Build.0 = Release|Any CPU
	EndGlobalSection
	GlobalSection(SolutionProperties) = preSolution
		HideSolutionNode = FALSE
	EndGlobalSection
	GlobalSection(NestedProjects) = preSolution
		{60ACD42B-4AE5-45C1-928C-1744E2541743} = {45E0EF9F-0DDC-4FDD-904F-53BCE1288C55}
		{715064D7-6A76-41A3-A9DA-DCE8A44D453D} = {45E0EF9F-0DDC-4FDD-904F-53BCE1288C55}
		{26992697-41F5-4F73-B7F8-FBB3121105D3} = {45E0EF9F-0DDC-4FDD-904F-53BCE1288C55}
		{C00CE610-E353-4846-9506-05AC8C103095} = {45E0EF9F-0DDC-4FDD-904F-53BCE1288C55}
		{9AA067B4-EA32-44C6-95CE-ED9C2FC45390} = {45E0EF9F-0DDC-4FDD-904F-53BCE1288C55}
		{7057ED0E-8E93-427B-B47E-384A08BDA5EC} = {45E0EF9F-0DDC-4FDD-904F-53BCE1288C55}
		{20F3F941-D339-4F14-ABA9-144A9F9C3A4A} = {45E0EF9F-0DDC-4FDD-904F-53BCE1288C55}
		{F63197BB-4773-4477-BC77-E7A74C3DCAF6} = {45E0EF9F-0DDC-4FDD-904F-53BCE1288C55}
		{5CF46BEC-5E94-4294-95AA-23BBAC747A3D} = {8FA2F7FC-F41A-4B95-B512-9CB6E5F6F5E0}
		{1FEAE06B-D9D5-44F3-BF0E-5777B6BBA76C} = {8FA2F7FC-F41A-4B95-B512-9CB6E5F6F5E0}
		{C29A0EA9-49E4-459E-8525-3E8A0E9B75DD} = {8FA2F7FC-F41A-4B95-B512-9CB6E5F6F5E0}
		{7888E261-BA79-4C07-B08A-D2F7FC65F29C} = {8FA2F7FC-F41A-4B95-B512-9CB6E5F6F5E0}
		{B7BE109A-40CB-485E-B9FD-C2739F882105} = {8FA2F7FC-F41A-4B95-B512-9CB6E5F6F5E0}
		{0461DE6E-B331-409F-A4C5-0DCF17E7048A} = {8FA2F7FC-F41A-4B95-B512-9CB6E5F6F5E0}
		{4DC958A3-2D37-4D7D-8861-B5612E4DD689} = {8FA2F7FC-F41A-4B95-B512-9CB6E5F6F5E0}
		{D3A37560-BAAB-4053-BFB5-EFD22D4105FF} = {45E0EF9F-0DDC-4FDD-904F-53BCE1288C55}
		{CF915D89-DB9C-4683-8924-BE7D41376FAA} = {C6DC0E70-5F8B-4AF9-AE41-3AE0ABF3CD98}
		{CFA78E4D-7F9B-41D9-B712-78E133D35F83} = {C6DC0E70-5F8B-4AF9-AE41-3AE0ABF3CD98}
		{55D82E01-A33E-434B-BCB1-08ABEDE2AB94} = {C6DC0E70-5F8B-4AF9-AE41-3AE0ABF3CD98}
		{81BE875E-0CF9-4F2D-A189-406245874405} = {C6DC0E70-5F8B-4AF9-AE41-3AE0ABF3CD98}
		{0F5300EC-A5A7-461A-9085-2B8E461D0064} = {C6DC0E70-5F8B-4AF9-AE41-3AE0ABF3CD98}
		{38D5C2E6-B2B1-4A7A-8D1F-94888D4D3CE1} = {C6DC0E70-5F8B-4AF9-AE41-3AE0ABF3CD98}
		{3F7CBA55-2823-4C1C-A4C8-CB7C1482A58B} = {C6DC0E70-5F8B-4AF9-AE41-3AE0ABF3CD98}
		{45BC82F1-CFA7-402E-A5E0-18F58152D8A8} = {C6DC0E70-5F8B-4AF9-AE41-3AE0ABF3CD98}
		{E0222F5E-BBF4-4759-9285-C44E6FFDD878} = {C6DC0E70-5F8B-4AF9-AE41-3AE0ABF3CD98}
		{D93C727C-451C-40C7-8AE5-306E5060F10D} = {C6DC0E70-5F8B-4AF9-AE41-3AE0ABF3CD98}
		{C0CFB691-19BF-4137-9A82-B14236193128} = {C6DC0E70-5F8B-4AF9-AE41-3AE0ABF3CD98}
		{E825A7C3-4FA9-4B7D-B8AA-2F383AD23F34} = {C6DC0E70-5F8B-4AF9-AE41-3AE0ABF3CD98}
		{58A46A8A-8240-4BA6-A991-CABE34E96AE7} = {C6DC0E70-5F8B-4AF9-AE41-3AE0ABF3CD98}
		{1361EE25-826D-433E-A2F0-70E6A48AF720} = {C6DC0E70-5F8B-4AF9-AE41-3AE0ABF3CD98}
		{4FCBFE8E-2374-463E-80B5-59AC3591FE28} = {C6DC0E70-5F8B-4AF9-AE41-3AE0ABF3CD98}
		{3ED20A42-EC36-4820-954A-F7655E9DADB9} = {C6DC0E70-5F8B-4AF9-AE41-3AE0ABF3CD98}
		{AE99E211-5CD5-4D81-95E2-03B30AE042CE} = {C6DC0E70-5F8B-4AF9-AE41-3AE0ABF3CD98}
		{D12F7A48-0C72-433A-9D5A-C3FC92214330} = {C6DC0E70-5F8B-4AF9-AE41-3AE0ABF3CD98}
		{9B8F7939-4DD0-410D-A93A-CBA54DE15079} = {C6DC0E70-5F8B-4AF9-AE41-3AE0ABF3CD98}
		{426F1A8C-3FD6-4478-B452-768960B8505F} = {C6DC0E70-5F8B-4AF9-AE41-3AE0ABF3CD98}
		{BB260255-B8BE-417C-99BB-9E06CB398681} = {C6DC0E70-5F8B-4AF9-AE41-3AE0ABF3CD98}
		{A01B882A-0012-4282-A92B-46959E704895} = {C6DC0E70-5F8B-4AF9-AE41-3AE0ABF3CD98}
		{0255B40A-F8A0-46BC-8CAE-15A12CE8E845} = {C6DC0E70-5F8B-4AF9-AE41-3AE0ABF3CD98}
		{EAEE5E4B-B11E-4E47-B088-6E9A1CA9215F} = {C6DC0E70-5F8B-4AF9-AE41-3AE0ABF3CD98}
		{ADEC34F0-9286-48BC-B51C-B2E0A44EEB19} = {C6DC0E70-5F8B-4AF9-AE41-3AE0ABF3CD98}
		{3FF24FBE-1ADA-428A-9CF7-285C0A556B5D} = {3EA70C51-667D-4FA4-A4D6-55C437E4B04A}
		{B83A3D7F-BD6D-4ECE-8114-6BDFED6705D5} = {3EA70C51-667D-4FA4-A4D6-55C437E4B04A}
		{F266F5AC-6F85-4888-B4CA-26EBF7868CA2} = {3EA70C51-667D-4FA4-A4D6-55C437E4B04A}
		{694E1A09-3A5F-4871-B347-6598CA4A60EA} = {3EA70C51-667D-4FA4-A4D6-55C437E4B04A}
		{2DA2C4B8-8ECF-40BB-8C22-39CBBB5E2E08} = {3EA70C51-667D-4FA4-A4D6-55C437E4B04A}
		{1C71BE9F-C494-4B71-A3B7-297A6B2CEDBD} = {3EA70C51-667D-4FA4-A4D6-55C437E4B04A}
		{94D573AF-AAFD-4306-A5FB-F92875E1B64A} = {3EA70C51-667D-4FA4-A4D6-55C437E4B04A}
		{B8C661A4-20FE-4E8F-9EAF-952CFDDEE6BD} = {3EA70C51-667D-4FA4-A4D6-55C437E4B04A}
		{11BF9569-C417-47B9-8746-86776D95D164} = {3EA70C51-667D-4FA4-A4D6-55C437E4B04A}
		{E2AB0355-4B94-4A1D-B592-592B402F9972} = {3EA70C51-667D-4FA4-A4D6-55C437E4B04A}
		{F0BF69E0-31EA-4E80-B549-F74F65347543} = {3EA70C51-667D-4FA4-A4D6-55C437E4B04A}
		{2E27D4FB-367A-475D-A516-1256D71B5471} = {3EA70C51-667D-4FA4-A4D6-55C437E4B04A}
		{E141532A-B704-40D0-89DA-0EB3BB59E849} = {3EA70C51-667D-4FA4-A4D6-55C437E4B04A}
		{ED00B4DB-B840-4D4C-8ECE-A5E42962431D} = {3EA70C51-667D-4FA4-A4D6-55C437E4B04A}
		{D992B87C-3932-42C0-A0D5-02DC375E2C3E} = {3EA70C51-667D-4FA4-A4D6-55C437E4B04A}
		{960960FE-1C4A-47DA-8F03-1170605A0C1A} = {3EA70C51-667D-4FA4-A4D6-55C437E4B04A}
		{6DD8FAD6-E65C-429F-944E-9E530AF20F4E} = {3EA70C51-667D-4FA4-A4D6-55C437E4B04A}
		{E7A85D9A-2372-4E27-94DA-13A897DAFE44} = {3EA70C51-667D-4FA4-A4D6-55C437E4B04A}
		{203D03D0-8C0E-4B80-A9CA-023C6DF1991B} = {169F0B8C-6E31-4C9B-90BE-69AD523C92B4}
		{730EEBDC-974C-419B-BC03-04A30F5FA65C} = {169F0B8C-6E31-4C9B-90BE-69AD523C92B4}
		{733536DC-4AB4-4A6C-97AC-008CE0AF8594} = {169F0B8C-6E31-4C9B-90BE-69AD523C92B4}
		{8D62DCED-4939-4D8A-9CA7-9C81B4B5F872} = {169F0B8C-6E31-4C9B-90BE-69AD523C92B4}
		{B8F03293-1386-494B-8E99-86823557B266} = {169F0B8C-6E31-4C9B-90BE-69AD523C92B4}
		{44C96C90-A47E-41BA-B184-3198E69EF340} = {169F0B8C-6E31-4C9B-90BE-69AD523C92B4}
		{C6DC2DB4-70E6-4DE5-82F0-8AE23A2C814E} = {169F0B8C-6E31-4C9B-90BE-69AD523C92B4}
		{4CD8B47E-EFDA-4284-B159-CA72BC9985AC} = {169F0B8C-6E31-4C9B-90BE-69AD523C92B4}
		{4E2EAC01-8ABD-4A3A-AADE-5F0E5D31DB95} = {169F0B8C-6E31-4C9B-90BE-69AD523C92B4}
		{D98C2F7B-91C2-4FBD-8735-14F3DBDA9EB0} = {169F0B8C-6E31-4C9B-90BE-69AD523C92B4}
		{7D33CE8E-819A-4F71-957E-38C6A489A245} = {169F0B8C-6E31-4C9B-90BE-69AD523C92B4}
		{082F0997-E6F2-43F4-8E8C-7D973B226048} = {169F0B8C-6E31-4C9B-90BE-69AD523C92B4}
		{56C6B4A1-679C-4E64-B90F-17884C587E8A} = {169F0B8C-6E31-4C9B-90BE-69AD523C92B4}
		{DAECE5A9-0961-4110-9E5E-40B8E92C0D84} = {169F0B8C-6E31-4C9B-90BE-69AD523C92B4}
		{168F5E28-7CB1-4E02-8B67-FD9FABDF53EF} = {169F0B8C-6E31-4C9B-90BE-69AD523C92B4}
		{E3522CE7-C90C-445D-87A9-364F975BC6C9} = {169F0B8C-6E31-4C9B-90BE-69AD523C92B4}
		{602FA10B-32C3-43E0-A843-C3B0F3022AA3} = {169F0B8C-6E31-4C9B-90BE-69AD523C92B4}
		{BC7CF50F-E402-4C32-AC2A-4C247585BAFF} = {169F0B8C-6E31-4C9B-90BE-69AD523C92B4}
		{533498B8-4CDB-43AC-A573-6BABD30A9BEB} = {169F0B8C-6E31-4C9B-90BE-69AD523C92B4}
		{775FCF40-9A90-422C-B696-5452C7AB8CF1} = {169F0B8C-6E31-4C9B-90BE-69AD523C92B4}
		{14EF4662-4FF7-4137-9748-4B7E3C9A787D} = {169F0B8C-6E31-4C9B-90BE-69AD523C92B4}
		{72EFE9B9-3AB4-4358-95DF-D1B59879FA15} = {169F0B8C-6E31-4C9B-90BE-69AD523C92B4}
		{33715F71-F742-4B8C-A936-D673FB42BE42} = {169F0B8C-6E31-4C9B-90BE-69AD523C92B4}
		{0489F322-DAC8-4931-876F-9F394802CB1E} = {169F0B8C-6E31-4C9B-90BE-69AD523C92B4}
		{A5E09415-9607-4096-8747-C403D28A35EB} = {169F0B8C-6E31-4C9B-90BE-69AD523C92B4}
		{8794AF88-2782-4FA9-90F2-EC65119E3B1E} = {169F0B8C-6E31-4C9B-90BE-69AD523C92B4}
		{E89FBBC7-AD4A-46B3-B553-A39F371C4C91} = {169F0B8C-6E31-4C9B-90BE-69AD523C92B4}
		{39723096-9080-416D-AC63-9AE5B95B98EB} = {169F0B8C-6E31-4C9B-90BE-69AD523C92B4}
		{3FCB135C-0F2D-47FB-B4E7-5331906F1278} = {169F0B8C-6E31-4C9B-90BE-69AD523C92B4}
		{FB3C5DDE-A177-4A9E-89F4-1A696515EF1E} = {169F0B8C-6E31-4C9B-90BE-69AD523C92B4}
		{387F3D73-7AFA-4714-A575-D6BBA9EB1A3F} = {169F0B8C-6E31-4C9B-90BE-69AD523C92B4}
		{647D622D-196D-442C-9E62-214B2677730F} = {169F0B8C-6E31-4C9B-90BE-69AD523C92B4}
		{67ACECF0-E40A-4196-B3F9-05EBCD118187} = {169F0B8C-6E31-4C9B-90BE-69AD523C92B4}
	EndGlobalSection
EndGlobal
