
Microsoft Visual Studio Solution File, Format Version 12.00
# Visual Studio 15
VisualStudioVersion = 15.0.26430.12
MinimumVisualStudioVersion = 10.0.40219.1
Project("{2150E333-8FDC-42A3-9474-1A3956D46DE8}") = "Chapter 03", "Chapter 03", "{45E0EF9F-0DDC-4FDD-904F-53BCE1288C55}"
EndProject
Project("{FAE04EC0-301F-11D3-BF4B-00C04F79EFBC}") = "CHP03PE24", "CHP03PE24\CHP03PE24.csproj", "{60ACD42B-4AE5-45C1-928C-1744E2541743}"
EndProject
Project("{FAE04EC0-301F-11D3-BF4B-00C04F79EFBC}") = "CHP03PE25", "CHP03PE25\CHP03PE25.csproj", "{715064D7-6A76-41A3-A9DA-DCE8A44D453D}"
EndProject
Project("{FAE04EC0-301F-11D3-BF4B-00C04F79EFBC}") = "CHP03PE26", "CHP03PE26\CHP03PE26.csproj", "{26992697-41F5-4F73-B7F8-FBB3121105D3}"
EndProject
Project("{FAE04EC0-301F-11D3-BF4B-00C04F79EFBC}") = "CHP03PE27", "CHP03PE27\CHP03PE27.csproj", "{C00CE610-E353-4846-9506-05AC8C103095}"
EndProject
Project("{FAE04EC0-301F-11D3-BF4B-00C04F79EFBC}") = "CHP03PE28", "CHP03PE28\CHP03PE28.csproj", "{9AA067B4-EA32-44C6-95CE-ED9C2FC45390}"
EndProject
Project("{FAE04EC0-301F-11D3-BF4B-00C04F79EFBC}") = "CHP03PE29", "CHP03PE29\CHP03PE29.csproj", "{7057ED0E-8E93-427B-B47E-384A08BDA5EC}"
EndProject
Project("{FAE04EC0-301F-11D3-BF4B-00C04F79EFBC}") = "CHP03PE30", "CHP03PE30\CHP03PE30.csproj", "{20F3F941-D339-4F14-ABA9-144A9F9C3A4A}"
EndProject
Project("{FAE04EC0-301F-11D3-BF4B-00C04F79EFBC}") = "CHP03PE31", "CHP04PE31\CHP03PE31.csproj", "{F3B29AA7-85B7-4DFA-938C-2BC45DCE33F9}"
EndProject
Project("{FAE04EC0-301F-11D3-BF4B-00C04F79EFBC}") = "CHP03PE32", "CHP03PE32\CHP03PE32.csproj", "{F63197BB-4773-4477-BC77-E7A74C3DCAF6}"
EndProject
Project("{2150E333-8FDC-42A3-9474-1A3956D46DE8}") = "Chapter 04", "Chapter 04", "{8FA2F7FC-F41A-4B95-B512-9CB6E5F6F5E0}"
EndProject
Project("{FAE04EC0-301F-11D3-BF4B-00C04F79EFBC}") = "CHP04PE10", "CHP04PE10\CHP04PE10.csproj", "{5CF46BEC-5E94-4294-95AA-23BBAC747A3D}"
EndProject
Project("{FAE04EC0-301F-11D3-BF4B-00C04F79EFBC}") = "CHP04PE11", "CHP04PE11\CHP04PE11.csproj", "{1FEAE06B-D9D5-44F3-BF0E-5777B6BBA76C}"
EndProject
Project("{FAE04EC0-301F-11D3-BF4B-00C04F79EFBC}") = "CHP04PE12", "CHP04PE12\CHP04PE12.csproj", "{C29A0EA9-49E4-459E-8525-3E8A0E9B75DD}"
EndProject
Project("{FAE04EC0-301F-11D3-BF4B-00C04F79EFBC}") = "CHP04PE13", "CHP04PE13\CHP04PE13.csproj", "{7888E261-BA79-4C07-B08A-D2F7FC65F29C}"
EndProject
Project("{FAE04EC0-301F-11D3-BF4B-00C04F79EFBC}") = "CHP04PE14", "CHP04PE14\CHP04PE14.csproj", "{B7BE109A-40CB-485E-B9FD-C2739F882105}"
EndProject
Project("{FAE04EC0-301F-11D3-BF4B-00C04F79EFBC}") = "CHP04PE15", "CHP04PE15\CHP04PE15.csproj", "{0461DE6E-B331-409F-A4C5-0DCF17E7048A}"
EndProject
Project("{FAE04EC0-301F-11D3-BF4B-00C04F79EFBC}") = "CHP04PE16", "CHP04PE16\CHP04PE16.csproj", "{4DC958A3-2D37-4D7D-8861-B5612E4DD689}"
EndProject
Project("{2150E333-8FDC-42A3-9474-1A3956D46DE8}") = "Chapter 05", "Chapter 05", "{C6DC0E70-5F8B-4AF9-AE41-3AE0ABF3CD98}"
EndProject
Global
	GlobalSection(SolutionConfigurationPlatforms) = preSolution
		Debug|Any CPU = Debug|Any CPU
		Release|Any CPU = Release|Any CPU
	EndGlobalSection
	GlobalSection(ProjectConfigurationPlatforms) = postSolution
		{60ACD42B-4AE5-45C1-928C-1744E2541743}.Debug|Any CPU.ActiveCfg = Debug|Any CPU
		{60ACD42B-4AE5-45C1-928C-1744E2541743}.Debug|Any CPU.Build.0 = Debug|Any CPU
		{60ACD42B-4AE5-45C1-928C-1744E2541743}.Release|Any CPU.ActiveCfg = Release|Any CPU
		{60ACD42B-4AE5-45C1-928C-1744E2541743}.Release|Any CPU.Build.0 = Release|Any CPU
		{715064D7-6A76-41A3-A9DA-DCE8A44D453D}.Debug|Any CPU.ActiveCfg = Debug|Any CPU
		{715064D7-6A76-41A3-A9DA-DCE8A44D453D}.Debug|Any CPU.Build.0 = Debug|Any CPU
		{715064D7-6A76-41A3-A9DA-DCE8A44D453D}.Release|Any CPU.ActiveCfg = Release|Any CPU
		{715064D7-6A76-41A3-A9DA-DCE8A44D453D}.Release|Any CPU.Build.0 = Release|Any CPU
		{26992697-41F5-4F73-B7F8-FBB3121105D3}.Debug|Any CPU.ActiveCfg = Debug|Any CPU
		{26992697-41F5-4F73-B7F8-FBB3121105D3}.Debug|Any CPU.Build.0 = Debug|Any CPU
		{26992697-41F5-4F73-B7F8-FBB3121105D3}.Release|Any CPU.ActiveCfg = Release|Any CPU
		{26992697-41F5-4F73-B7F8-FBB3121105D3}.Release|Any CPU.Build.0 = Release|Any CPU
		{C00CE610-E353-4846-9506-05AC8C103095}.Debug|Any CPU.ActiveCfg = Debug|Any CPU
		{C00CE610-E353-4846-9506-05AC8C103095}.Debug|Any CPU.Build.0 = Debug|Any CPU
		{C00CE610-E353-4846-9506-05AC8C103095}.Release|Any CPU.ActiveCfg = Release|Any CPU
		{C00CE610-E353-4846-9506-05AC8C103095}.Release|Any CPU.Build.0 = Release|Any CPU
		{9AA067B4-EA32-44C6-95CE-ED9C2FC45390}.Debug|Any CPU.ActiveCfg = Debug|Any CPU
		{9AA067B4-EA32-44C6-95CE-ED9C2FC45390}.Debug|Any CPU.Build.0 = Debug|Any CPU
		{9AA067B4-EA32-44C6-95CE-ED9C2FC45390}.Release|Any CPU.ActiveCfg = Release|Any CPU
		{9AA067B4-EA32-44C6-95CE-ED9C2FC45390}.Release|Any CPU.Build.0 = Release|Any CPU
		{7057ED0E-8E93-427B-B47E-384A08BDA5EC}.Debug|Any CPU.ActiveCfg = Debug|Any CPU
		{7057ED0E-8E93-427B-B47E-384A08BDA5EC}.Debug|Any CPU.Build.0 = Debug|Any CPU
		{7057ED0E-8E93-427B-B47E-384A08BDA5EC}.Release|Any CPU.ActiveCfg = Release|Any CPU
		{7057ED0E-8E93-427B-B47E-384A08BDA5EC}.Release|Any CPU.Build.0 = Release|Any CPU
		{20F3F941-D339-4F14-ABA9-144A9F9C3A4A}.Debug|Any CPU.ActiveCfg = Debug|Any CPU
		{20F3F941-D339-4F14-ABA9-144A9F9C3A4A}.Debug|Any CPU.Build.0 = Debug|Any CPU
		{20F3F941-D339-4F14-ABA9-144A9F9C3A4A}.Release|Any CPU.ActiveCfg = Release|Any CPU
		{20F3F941-D339-4F14-ABA9-144A9F9C3A4A}.Release|Any CPU.Build.0 = Release|Any CPU
		{F3B29AA7-85B7-4DFA-938C-2BC45DCE33F9}.Debug|Any CPU.ActiveCfg = Debug|Any CPU
		{F3B29AA7-85B7-4DFA-938C-2BC45DCE33F9}.Debug|Any CPU.Build.0 = Debug|Any CPU
		{F3B29AA7-85B7-4DFA-938C-2BC45DCE33F9}.Release|Any CPU.ActiveCfg = Release|Any CPU
		{F3B29AA7-85B7-4DFA-938C-2BC45DCE33F9}.Release|Any CPU.Build.0 = Release|Any CPU
		{F63197BB-4773-4477-BC77-E7A74C3DCAF6}.Debug|Any CPU.ActiveCfg = Debug|Any CPU
		{F63197BB-4773-4477-BC77-E7A74C3DCAF6}.Debug|Any CPU.Build.0 = Debug|Any CPU
		{F63197BB-4773-4477-BC77-E7A74C3DCAF6}.Release|Any CPU.ActiveCfg = Release|Any CPU
		{F63197BB-4773-4477-BC77-E7A74C3DCAF6}.Release|Any CPU.Build.0 = Release|Any CPU
		{5CF46BEC-5E94-4294-95AA-23BBAC747A3D}.Debug|Any CPU.ActiveCfg = Debug|Any CPU
		{5CF46BEC-5E94-4294-95AA-23BBAC747A3D}.Debug|Any CPU.Build.0 = Debug|Any CPU
		{5CF46BEC-5E94-4294-95AA-23BBAC747A3D}.Release|Any CPU.ActiveCfg = Release|Any CPU
		{5CF46BEC-5E94-4294-95AA-23BBAC747A3D}.Release|Any CPU.Build.0 = Release|Any CPU
		{1FEAE06B-D9D5-44F3-BF0E-5777B6BBA76C}.Debug|Any CPU.ActiveCfg = Debug|Any CPU
		{1FEAE06B-D9D5-44F3-BF0E-5777B6BBA76C}.Debug|Any CPU.Build.0 = Debug|Any CPU
		{1FEAE06B-D9D5-44F3-BF0E-5777B6BBA76C}.Release|Any CPU.ActiveCfg = Release|Any CPU
		{1FEAE06B-D9D5-44F3-BF0E-5777B6BBA76C}.Release|Any CPU.Build.0 = Release|Any CPU
		{C29A0EA9-49E4-459E-8525-3E8A0E9B75DD}.Debug|Any CPU.ActiveCfg = Debug|Any CPU
		{C29A0EA9-49E4-459E-8525-3E8A0E9B75DD}.Debug|Any CPU.Build.0 = Debug|Any CPU
		{C29A0EA9-49E4-459E-8525-3E8A0E9B75DD}.Release|Any CPU.ActiveCfg = Release|Any CPU
		{C29A0EA9-49E4-459E-8525-3E8A0E9B75DD}.Release|Any CPU.Build.0 = Release|Any CPU
		{7888E261-BA79-4C07-B08A-D2F7FC65F29C}.Debug|Any CPU.ActiveCfg = Debug|Any CPU
		{7888E261-BA79-4C07-B08A-D2F7FC65F29C}.Debug|Any CPU.Build.0 = Debug|Any CPU
		{7888E261-BA79-4C07-B08A-D2F7FC65F29C}.Release|Any CPU.ActiveCfg = Release|Any CPU
		{7888E261-BA79-4C07-B08A-D2F7FC65F29C}.Release|Any CPU.Build.0 = Release|Any CPU
		{B7BE109A-40CB-485E-B9FD-C2739F882105}.Debug|Any CPU.ActiveCfg = Debug|Any CPU
		{B7BE109A-40CB-485E-B9FD-C2739F882105}.Debug|Any CPU.Build.0 = Debug|Any CPU
		{B7BE109A-40CB-485E-B9FD-C2739F882105}.Release|Any CPU.ActiveCfg = Release|Any CPU
		{B7BE109A-40CB-485E-B9FD-C2739F882105}.Release|Any CPU.Build.0 = Release|Any CPU
		{0461DE6E-B331-409F-A4C5-0DCF17E7048A}.Debug|Any CPU.ActiveCfg = Debug|Any CPU
		{0461DE6E-B331-409F-A4C5-0DCF17E7048A}.Debug|Any CPU.Build.0 = Debug|Any CPU
		{0461DE6E-B331-409F-A4C5-0DCF17E7048A}.Release|Any CPU.ActiveCfg = Release|Any CPU
		{0461DE6E-B331-409F-A4C5-0DCF17E7048A}.Release|Any CPU.Build.0 = Release|Any CPU
		{4DC958A3-2D37-4D7D-8861-B5612E4DD689}.Debug|Any CPU.ActiveCfg = Debug|Any CPU
		{4DC958A3-2D37-4D7D-8861-B5612E4DD689}.Debug|Any CPU.Build.0 = Debug|Any CPU
		{4DC958A3-2D37-4D7D-8861-B5612E4DD689}.Release|Any CPU.ActiveCfg = Release|Any CPU
		{4DC958A3-2D37-4D7D-8861-B5612E4DD689}.Release|Any CPU.Build.0 = Release|Any CPU
	EndGlobalSection
	GlobalSection(SolutionProperties) = preSolution
		HideSolutionNode = FALSE
	EndGlobalSection
	GlobalSection(NestedProjects) = preSolution
		{60ACD42B-4AE5-45C1-928C-1744E2541743} = {45E0EF9F-0DDC-4FDD-904F-53BCE1288C55}
		{715064D7-6A76-41A3-A9DA-DCE8A44D453D} = {45E0EF9F-0DDC-4FDD-904F-53BCE1288C55}
		{26992697-41F5-4F73-B7F8-FBB3121105D3} = {45E0EF9F-0DDC-4FDD-904F-53BCE1288C55}
		{C00CE610-E353-4846-9506-05AC8C103095} = {45E0EF9F-0DDC-4FDD-904F-53BCE1288C55}
		{9AA067B4-EA32-44C6-95CE-ED9C2FC45390} = {45E0EF9F-0DDC-4FDD-904F-53BCE1288C55}
		{7057ED0E-8E93-427B-B47E-384A08BDA5EC} = {45E0EF9F-0DDC-4FDD-904F-53BCE1288C55}
		{20F3F941-D339-4F14-ABA9-144A9F9C3A4A} = {45E0EF9F-0DDC-4FDD-904F-53BCE1288C55}
		{F3B29AA7-85B7-4DFA-938C-2BC45DCE33F9} = {45E0EF9F-0DDC-4FDD-904F-53BCE1288C55}
		{F63197BB-4773-4477-BC77-E7A74C3DCAF6} = {45E0EF9F-0DDC-4FDD-904F-53BCE1288C55}
		{5CF46BEC-5E94-4294-95AA-23BBAC747A3D} = {8FA2F7FC-F41A-4B95-B512-9CB6E5F6F5E0}
		{1FEAE06B-D9D5-44F3-BF0E-5777B6BBA76C} = {8FA2F7FC-F41A-4B95-B512-9CB6E5F6F5E0}
		{C29A0EA9-49E4-459E-8525-3E8A0E9B75DD} = {8FA2F7FC-F41A-4B95-B512-9CB6E5F6F5E0}
		{7888E261-BA79-4C07-B08A-D2F7FC65F29C} = {8FA2F7FC-F41A-4B95-B512-9CB6E5F6F5E0}
		{B7BE109A-40CB-485E-B9FD-C2739F882105} = {8FA2F7FC-F41A-4B95-B512-9CB6E5F6F5E0}
		{0461DE6E-B331-409F-A4C5-0DCF17E7048A} = {8FA2F7FC-F41A-4B95-B512-9CB6E5F6F5E0}
		{4DC958A3-2D37-4D7D-8861-B5612E4DD689} = {8FA2F7FC-F41A-4B95-B512-9CB6E5F6F5E0}
	EndGlobalSection
EndGlobal
