
Microsoft Visual Studio Solution File, Format Version 12.00
# Visual Studio 15
VisualStudioVersion = 15.0.26430.12
MinimumVisualStudioVersion = 10.0.40219.1
Project("{2150E333-8FDC-42A3-9474-1A3956D46DE8}") = "Chapter 03", "Chapter 03", "{45E0EF9F-0DDC-4FDD-904F-53BCE1288C55}"
EndProject
Project("{FAE04EC0-301F-11D3-BF4B-00C04F79EFBC}") = "CHP03PE24", "CHP03PE24\CHP03PE24.csproj", "{60ACD42B-4AE5-45C1-928C-1744E2541743}"
EndProject
Project("{FAE04EC0-301F-11D3-BF4B-00C04F79EFBC}") = "CHP03PE25", "CHP03PE25\CHP03PE25.csproj", "{715064D7-6A76-41A3-A9DA-DCE8A44D453D}"
EndProject
Project("{FAE04EC0-301F-11D3-BF4B-00C04F79EFBC}") = "CHP03PE26", "CHP03PE26\CHP03PE26.csproj", "{26992697-41F5-4F73-B7F8-FBB3121105D3}"
EndProject
Project("{FAE04EC0-301F-11D3-BF4B-00C04F79EFBC}") = "CHP03PE27", "CHP03PE27\CHP03PE27.csproj", "{C00CE610-E353-4846-9506-05AC8C103095}"
EndProject
Project("{FAE04EC0-301F-11D3-BF4B-00C04F79EFBC}") = "CHP03PE28", "CHP03PE28\CHP03PE28.csproj", "{9AA067B4-EA32-44C6-95CE-ED9C2FC45390}"
EndProject
Project("{FAE04EC0-301F-11D3-BF4B-00C04F79EFBC}") = "CHP03PE29", "CHP03PE29\CHP03PE29.csproj", "{7057ED0E-8E93-427B-B47E-384A08BDA5EC}"
EndProject
Project("{FAE04EC0-301F-11D3-BF4B-00C04F79EFBC}") = "CHP03PE30", "CHP03PE30\CHP03PE30.csproj", "{20F3F941-D339-4F14-ABA9-144A9F9C3A4A}"
EndProject
Project("{FAE04EC0-301F-11D3-BF4B-00C04F79EFBC}") = "CHP03PE31", "CHP04PE31\CHP03PE31.csproj", "{F3B29AA7-85B7-4DFA-938C-2BC45DCE33F9}"
EndProject
Project("{FAE04EC0-301F-11D3-BF4B-00C04F79EFBC}") = "CHP03PE32", "CHP03PE32\CHP03PE32.csproj", "{F63197BB-4773-4477-BC77-E7A74C3DCAF6}"
EndProject
Global
	GlobalSection(SolutionConfigurationPlatforms) = preSolution
		Debug|Any CPU = Debug|Any CPU
		Release|Any CPU = Release|Any CPU
	EndGlobalSection
	GlobalSection(ProjectConfigurationPlatforms) = postSolution
		{60ACD42B-4AE5-45C1-928C-1744E2541743}.Debug|Any CPU.ActiveCfg = Debug|Any CPU
		{60ACD42B-4AE5-45C1-928C-1744E2541743}.Debug|Any CPU.Build.0 = Debug|Any CPU
		{60ACD42B-4AE5-45C1-928C-1744E2541743}.Release|Any CPU.ActiveCfg = Release|Any CPU
		{60ACD42B-4AE5-45C1-928C-1744E2541743}.Release|Any CPU.Build.0 = Release|Any CPU
		{715064D7-6A76-41A3-A9DA-DCE8A44D453D}.Debug|Any CPU.ActiveCfg = Debug|Any CPU
		{715064D7-6A76-41A3-A9DA-DCE8A44D453D}.Debug|Any CPU.Build.0 = Debug|Any CPU
		{715064D7-6A76-41A3-A9DA-DCE8A44D453D}.Release|Any CPU.ActiveCfg = Release|Any CPU
		{715064D7-6A76-41A3-A9DA-DCE8A44D453D}.Release|Any CPU.Build.0 = Release|Any CPU
		{26992697-41F5-4F73-B7F8-FBB3121105D3}.Debug|Any CPU.ActiveCfg = Debug|Any CPU
		{26992697-41F5-4F73-B7F8-FBB3121105D3}.Debug|Any CPU.Build.0 = Debug|Any CPU
		{26992697-41F5-4F73-B7F8-FBB3121105D3}.Release|Any CPU.ActiveCfg = Release|Any CPU
		{26992697-41F5-4F73-B7F8-FBB3121105D3}.Release|Any CPU.Build.0 = Release|Any CPU
		{C00CE610-E353-4846-9506-05AC8C103095}.Debug|Any CPU.ActiveCfg = Debug|Any CPU
		{C00CE610-E353-4846-9506-05AC8C103095}.Debug|Any CPU.Build.0 = Debug|Any CPU
		{C00CE610-E353-4846-9506-05AC8C103095}.Release|Any CPU.ActiveCfg = Release|Any CPU
		{C00CE610-E353-4846-9506-05AC8C103095}.Release|Any CPU.Build.0 = Release|Any CPU
		{9AA067B4-EA32-44C6-95CE-ED9C2FC45390}.Debug|Any CPU.ActiveCfg = Debug|Any CPU
		{9AA067B4-EA32-44C6-95CE-ED9C2FC45390}.Debug|Any CPU.Build.0 = Debug|Any CPU
		{9AA067B4-EA32-44C6-95CE-ED9C2FC45390}.Release|Any CPU.ActiveCfg = Release|Any CPU
		{9AA067B4-EA32-44C6-95CE-ED9C2FC45390}.Release|Any CPU.Build.0 = Release|Any CPU
		{7057ED0E-8E93-427B-B47E-384A08BDA5EC}.Debug|Any CPU.ActiveCfg = Debug|Any CPU
		{7057ED0E-8E93-427B-B47E-384A08BDA5EC}.Debug|Any CPU.Build.0 = Debug|Any CPU
		{7057ED0E-8E93-427B-B47E-384A08BDA5EC}.Release|Any CPU.ActiveCfg = Release|Any CPU
		{7057ED0E-8E93-427B-B47E-384A08BDA5EC}.Release|Any CPU.Build.0 = Release|Any CPU
		{20F3F941-D339-4F14-ABA9-144A9F9C3A4A}.Debug|Any CPU.ActiveCfg = Debug|Any CPU
		{20F3F941-D339-4F14-ABA9-144A9F9C3A4A}.Debug|Any CPU.Build.0 = Debug|Any CPU
		{20F3F941-D339-4F14-ABA9-144A9F9C3A4A}.Release|Any CPU.ActiveCfg = Release|Any CPU
		{20F3F941-D339-4F14-ABA9-144A9F9C3A4A}.Release|Any CPU.Build.0 = Release|Any CPU
		{F3B29AA7-85B7-4DFA-938C-2BC45DCE33F9}.Debug|Any CPU.ActiveCfg = Debug|Any CPU
		{F3B29AA7-85B7-4DFA-938C-2BC45DCE33F9}.Debug|Any CPU.Build.0 = Debug|Any CPU
		{F3B29AA7-85B7-4DFA-938C-2BC45DCE33F9}.Release|Any CPU.ActiveCfg = Release|Any CPU
		{F3B29AA7-85B7-4DFA-938C-2BC45DCE33F9}.Release|Any CPU.Build.0 = Release|Any CPU
		{F63197BB-4773-4477-BC77-E7A74C3DCAF6}.Debug|Any CPU.ActiveCfg = Debug|Any CPU
		{F63197BB-4773-4477-BC77-E7A74C3DCAF6}.Debug|Any CPU.Build.0 = Debug|Any CPU
		{F63197BB-4773-4477-BC77-E7A74C3DCAF6}.Release|Any CPU.ActiveCfg = Release|Any CPU
		{F63197BB-4773-4477-BC77-E7A74C3DCAF6}.Release|Any CPU.Build.0 = Release|Any CPU
	EndGlobalSection
	GlobalSection(SolutionProperties) = preSolution
		HideSolutionNode = FALSE
	EndGlobalSection
	GlobalSection(NestedProjects) = preSolution
		{60ACD42B-4AE5-45C1-928C-1744E2541743} = {45E0EF9F-0DDC-4FDD-904F-53BCE1288C55}
		{715064D7-6A76-41A3-A9DA-DCE8A44D453D} = {45E0EF9F-0DDC-4FDD-904F-53BCE1288C55}
		{26992697-41F5-4F73-B7F8-FBB3121105D3} = {45E0EF9F-0DDC-4FDD-904F-53BCE1288C55}
		{C00CE610-E353-4846-9506-05AC8C103095} = {45E0EF9F-0DDC-4FDD-904F-53BCE1288C55}
		{9AA067B4-EA32-44C6-95CE-ED9C2FC45390} = {45E0EF9F-0DDC-4FDD-904F-53BCE1288C55}
		{7057ED0E-8E93-427B-B47E-384A08BDA5EC} = {45E0EF9F-0DDC-4FDD-904F-53BCE1288C55}
		{20F3F941-D339-4F14-ABA9-144A9F9C3A4A} = {45E0EF9F-0DDC-4FDD-904F-53BCE1288C55}
		{F3B29AA7-85B7-4DFA-938C-2BC45DCE33F9} = {45E0EF9F-0DDC-4FDD-904F-53BCE1288C55}
		{F63197BB-4773-4477-BC77-E7A74C3DCAF6} = {45E0EF9F-0DDC-4FDD-904F-53BCE1288C55}
	EndGlobalSection
EndGlobal
